// !$*UTF8*$!
{
	archiveVersion = 1;
	classes = {
	};
	objectVersion = 48;
	objects = {

/* Begin PBXBuildFile section */
		2164DF271F98FBC60081CFDD /* NMXTestDataSource.m in Sources */ = {isa = PBXBuildFile; fileRef = 2164DEEB1F98FB980081CFDD /* NMXTestDataSource.m */; };
		2164DF281F98FBC60081CFDD /* NSBundle+NMXTest.m in Sources */ = {isa = PBXBuildFile; fileRef = 2164DEED1F98FB980081CFDD /* NSBundle+NMXTest.m */; };
		2164DF291F98FBC60081CFDD /* NSDate+NMXTest.m in Sources */ = {isa = PBXBuildFile; fileRef = 2164DEEF1F98FB980081CFDD /* NSDate+NMXTest.m */; };
		2164DF2A1F98FBC60081CFDD /* NSDictionary+NMXTest.m in Sources */ = {isa = PBXBuildFile; fileRef = 2164DEF11F98FB980081CFDD /* NSDictionary+NMXTest.m */; };
		2164DF2B1F98FBC60081CFDD /* NSNumber+NMXTest.m in Sources */ = {isa = PBXBuildFile; fileRef = 2164DEF31F98FB980081CFDD /* NSNumber+NMXTest.m */; };
		2164DF2C1F98FBC60081CFDD /* NSString+NMXTest.m in Sources */ = {isa = PBXBuildFile; fileRef = 2164DEF51F98FB980081CFDD /* NSString+NMXTest.m */; };
		2164DF2D1F98FBC60081CFDD /* NMXBundleFileHandlingTest.m in Sources */ = {isa = PBXBuildFile; fileRef = 2164DEF81F98FB980081CFDD /* NMXBundleFileHandlingTest.m */; };
		2164DF2E1F98FBC60081CFDD /* NMXLoggingTest.m in Sources */ = {isa = PBXBuildFile; fileRef = 2164DEF91F98FB980081CFDD /* NMXLoggingTest.m */; };
		2164DF2F1F98FBC60081CFDD /* NMXDateTest.m in Sources */ = {isa = PBXBuildFile; fileRef = 2164DEFD1F98FB980081CFDD /* NMXDateTest.m */; };
		2164DF301F98FBC60081CFDD /* NMXDictionaryTest.m in Sources */ = {isa = PBXBuildFile; fileRef = 2164DEFE1F98FB980081CFDD /* NMXDictionaryTest.m */; };
		2164DF311F98FBC60081CFDD /* NMXNumberTest.m in Sources */ = {isa = PBXBuildFile; fileRef = 2164DEFF1F98FB980081CFDD /* NMXNumberTest.m */; };
		2164DF321F98FBC60081CFDD /* NMXStringTest.m in Sources */ = {isa = PBXBuildFile; fileRef = 2164DF001F98FB980081CFDD /* NMXStringTest.m */; };
		2164DF331F98FBC60081CFDD /* NMXLocalizationHandlerIntegrationTest.m in Sources */ = {isa = PBXBuildFile; fileRef = 2164DF0F1F98FB980081CFDD /* NMXLocalizationHandlerIntegrationTest.m */; };
		2164DF341F98FBC60081CFDD /* NMXLocalizationHandlerTest.m in Sources */ = {isa = PBXBuildFile; fileRef = 2164DF101F98FB980081CFDD /* NMXLocalizationHandlerTest.m */; };
		2164DF351F98FCFF0081CFDD /* NoPathExtension in Resources */ = {isa = PBXBuildFile; fileRef = 2164DEFB1F98FB980081CFDD /* NoPathExtension */; };
		2164DF361F98FD060081CFDD /* empty.json in Resources */ = {isa = PBXBuildFile; fileRef = 2164DF021F98FB980081CFDD /* empty.json */; };
		2164DF371F98FD060081CFDD /* image.PNG.json in Resources */ = {isa = PBXBuildFile; fileRef = 2164DF031F98FB980081CFDD /* image.PNG.json */; };
		2164DF381F98FD060081CFDD /* trackings_valid_1.json in Resources */ = {isa = PBXBuildFile; fileRef = 2164DF041F98FB980081CFDD /* trackings_valid_1.json */; };
		2164DF391F98FD060081CFDD /* trackings_valid_2.json in Resources */ = {isa = PBXBuildFile; fileRef = 2164DF051F98FB980081CFDD /* trackings_valid_2.json */; };
		2164DF3A1F98FD0E0081CFDD /* File.strings in Resources */ = {isa = PBXBuildFile; fileRef = 2164DF071F98FB980081CFDD /* File.strings */; };
		2164DF3B1F98FD130081CFDD /* default-2_de.plist in Resources */ = {isa = PBXBuildFile; fileRef = 2164DF121F98FB980081CFDD /* default-2_de.plist */; };
		2164DF3C1F98FD130081CFDD /* default-2_en-GB.plist in Resources */ = {isa = PBXBuildFile; fileRef = 2164DF131F98FB980081CFDD /* default-2_en-GB.plist */; };
		2164DF3D1F98FD130081CFDD /* default-2_en.plist in Resources */ = {isa = PBXBuildFile; fileRef = 2164DF141F98FB980081CFDD /* default-2_en.plist */; };
		2164DF3E1F98FD130081CFDD /* default-2_fr.plist in Resources */ = {isa = PBXBuildFile; fileRef = 2164DF151F98FB980081CFDD /* default-2_fr.plist */; };
		2164DF3F1F98FD130081CFDD /* default_de.plist in Resources */ = {isa = PBXBuildFile; fileRef = 2164DF161F98FB980081CFDD /* default_de.plist */; };
		2164DF401F98FD130081CFDD /* default_en-GB.plist in Resources */ = {isa = PBXBuildFile; fileRef = 2164DF171F98FB980081CFDD /* default_en-GB.plist */; };
		2164DF411F98FD130081CFDD /* default_en.plist in Resources */ = {isa = PBXBuildFile; fileRef = 2164DF181F98FB980081CFDD /* default_en.plist */; };
		21A1127E1FA2108300C1CD83 /* NMXCore.framework in Frameworks */ = {isa = PBXBuildFile; fileRef = 21A1127C1FA2107E00C1CD83 /* NMXCore.framework */; };
		21A112811FA210A200C1CD83 /* NMXCore.framework in Frameworks */ = {isa = PBXBuildFile; fileRef = 2164DEBA1F98FB290081CFDD /* NMXCore.framework */; };
		21A112B81FA2314F00C1CD83 /* NMXLogging.m in Sources */ = {isa = PBXBuildFile; fileRef = 21D32FB01FA1E76400479607 /* NMXLogging.m */; };
		21A112B91FA2314F00C1CD83 /* NMXNSBundleFileHandling.m in Sources */ = {isa = PBXBuildFile; fileRef = 2164DEE81F98FB5A0081CFDD /* NMXNSBundleFileHandling.m */; };
		21A112BA1FA2314F00C1CD83 /* NSDate+NMX.m in Sources */ = {isa = PBXBuildFile; fileRef = 2164DED71F98FB590081CFDD /* NSDate+NMX.m */; };
		21A112BB1FA2314F00C1CD83 /* NSDictionary+NMX.m in Sources */ = {isa = PBXBuildFile; fileRef = 2164DED91F98FB590081CFDD /* NSDictionary+NMX.m */; };
		21A112BC1FA2314F00C1CD83 /* NSNumber+NMX.m in Sources */ = {isa = PBXBuildFile; fileRef = 2164DEDB1F98FB590081CFDD /* NSNumber+NMX.m */; };
		21A112BD1FA2314F00C1CD83 /* NSString+NMX.m in Sources */ = {isa = PBXBuildFile; fileRef = 2164DEDD1F98FB590081CFDD /* NSString+NMX.m */; };
		21A112BE1FA2314F00C1CD83 /* NMXLocalizationHandler.m in Sources */ = {isa = PBXBuildFile; fileRef = 2164DEE01F98FB590081CFDD /* NMXLocalizationHandler.m */; };
		21A112C61FA2322C00C1CD83 /* NMXCoreTestsStatic.m in Sources */ = {isa = PBXBuildFile; fileRef = 21A112C51FA2322C00C1CD83 /* NMXCoreTestsStatic.m */; };
		21A112C81FA2322C00C1CD83 /* libNMXCoreStatic.a in Frameworks */ = {isa = PBXBuildFile; fileRef = 21A112AF1FA22FBA00C1CD83 /* libNMXCoreStatic.a */; };
		21A112CE1FA2324200C1CD83 /* NMXLogging.m in Sources */ = {isa = PBXBuildFile; fileRef = 21D32FB01FA1E76400479607 /* NMXLogging.m */; };
		21A112CF1FA2324200C1CD83 /* NMXNSBundleFileHandling.m in Sources */ = {isa = PBXBuildFile; fileRef = 2164DEE81F98FB5A0081CFDD /* NMXNSBundleFileHandling.m */; };
		21A112D01FA2324200C1CD83 /* NSDate+NMX.m in Sources */ = {isa = PBXBuildFile; fileRef = 2164DED71F98FB590081CFDD /* NSDate+NMX.m */; };
		21A112D11FA2324200C1CD83 /* NSDictionary+NMX.m in Sources */ = {isa = PBXBuildFile; fileRef = 2164DED91F98FB590081CFDD /* NSDictionary+NMX.m */; };
		21A112D21FA2324200C1CD83 /* NSNumber+NMX.m in Sources */ = {isa = PBXBuildFile; fileRef = 2164DEDB1F98FB590081CFDD /* NSNumber+NMX.m */; };
		21A112D31FA2324200C1CD83 /* NSString+NMX.m in Sources */ = {isa = PBXBuildFile; fileRef = 2164DEDD1F98FB590081CFDD /* NSString+NMX.m */; };
		21A112D41FA2324200C1CD83 /* NMXLocalizationHandler.m in Sources */ = {isa = PBXBuildFile; fileRef = 2164DEE01F98FB590081CFDD /* NMXLocalizationHandler.m */; };
		21A112D51FA2325300C1CD83 /* NMXTestDataSource.m in Sources */ = {isa = PBXBuildFile; fileRef = 2164DEEB1F98FB980081CFDD /* NMXTestDataSource.m */; };
		21A112D61FA2325300C1CD83 /* NSBundle+NMXTest.m in Sources */ = {isa = PBXBuildFile; fileRef = 2164DEED1F98FB980081CFDD /* NSBundle+NMXTest.m */; };
		21A112D71FA2325300C1CD83 /* NSDate+NMXTest.m in Sources */ = {isa = PBXBuildFile; fileRef = 2164DEEF1F98FB980081CFDD /* NSDate+NMXTest.m */; };
		21A112D81FA2325300C1CD83 /* NSDictionary+NMXTest.m in Sources */ = {isa = PBXBuildFile; fileRef = 2164DEF11F98FB980081CFDD /* NSDictionary+NMXTest.m */; };
		21A112D91FA2325300C1CD83 /* NSNumber+NMXTest.m in Sources */ = {isa = PBXBuildFile; fileRef = 2164DEF31F98FB980081CFDD /* NSNumber+NMXTest.m */; };
		21A112DA1FA2325300C1CD83 /* NSString+NMXTest.m in Sources */ = {isa = PBXBuildFile; fileRef = 2164DEF51F98FB980081CFDD /* NSString+NMXTest.m */; };
		21A112DB1FA2325D00C1CD83 /* NMXBundleFileHandlingTest.m in Sources */ = {isa = PBXBuildFile; fileRef = 2164DEF81F98FB980081CFDD /* NMXBundleFileHandlingTest.m */; };
		21A112DC1FA2325D00C1CD83 /* NMXLoggingTest.m in Sources */ = {isa = PBXBuildFile; fileRef = 2164DEF91F98FB980081CFDD /* NMXLoggingTest.m */; };
		21A112DD1FA2325D00C1CD83 /* NoPathExtension in Resources */ = {isa = PBXBuildFile; fileRef = 2164DEFB1F98FB980081CFDD /* NoPathExtension */; };
		21A112DE1FA2325D00C1CD83 /* NMXDateTest.m in Sources */ = {isa = PBXBuildFile; fileRef = 2164DEFD1F98FB980081CFDD /* NMXDateTest.m */; };
		21A112DF1FA2325D00C1CD83 /* NMXDictionaryTest.m in Sources */ = {isa = PBXBuildFile; fileRef = 2164DEFE1F98FB980081CFDD /* NMXDictionaryTest.m */; };
		21A112E01FA2325D00C1CD83 /* NMXNumberTest.m in Sources */ = {isa = PBXBuildFile; fileRef = 2164DEFF1F98FB980081CFDD /* NMXNumberTest.m */; };
		21A112E11FA2325D00C1CD83 /* NMXStringTest.m in Sources */ = {isa = PBXBuildFile; fileRef = 2164DF001F98FB980081CFDD /* NMXStringTest.m */; };
		21A112E21FA2325D00C1CD83 /* empty.json in Resources */ = {isa = PBXBuildFile; fileRef = 2164DF021F98FB980081CFDD /* empty.json */; };
		21A112E31FA2325D00C1CD83 /* image.PNG.json in Resources */ = {isa = PBXBuildFile; fileRef = 2164DF031F98FB980081CFDD /* image.PNG.json */; };
		21A112E41FA2325D00C1CD83 /* trackings_valid_1.json in Resources */ = {isa = PBXBuildFile; fileRef = 2164DF041F98FB980081CFDD /* trackings_valid_1.json */; };
		21A112E51FA2325D00C1CD83 /* trackings_valid_2.json in Resources */ = {isa = PBXBuildFile; fileRef = 2164DF051F98FB980081CFDD /* trackings_valid_2.json */; };
		21A112E61FA2326A00C1CD83 /* NMXLocalizationHandlerIntegrationTest.m in Sources */ = {isa = PBXBuildFile; fileRef = 2164DF0F1F98FB980081CFDD /* NMXLocalizationHandlerIntegrationTest.m */; };
		21A112E71FA2326A00C1CD83 /* NMXLocalizationHandlerTest.m in Sources */ = {isa = PBXBuildFile; fileRef = 2164DF101F98FB980081CFDD /* NMXLocalizationHandlerTest.m */; };
		21A112E81FA2326A00C1CD83 /* default-2_de.plist in Resources */ = {isa = PBXBuildFile; fileRef = 2164DF121F98FB980081CFDD /* default-2_de.plist */; };
		21A112E91FA2326A00C1CD83 /* default-2_en-GB.plist in Resources */ = {isa = PBXBuildFile; fileRef = 2164DF131F98FB980081CFDD /* default-2_en-GB.plist */; };
		21A112EA1FA2326A00C1CD83 /* default-2_en.plist in Resources */ = {isa = PBXBuildFile; fileRef = 2164DF141F98FB980081CFDD /* default-2_en.plist */; };
		21A112EB1FA2326A00C1CD83 /* default-2_fr.plist in Resources */ = {isa = PBXBuildFile; fileRef = 2164DF151F98FB980081CFDD /* default-2_fr.plist */; };
		21A112EC1FA2326A00C1CD83 /* default_de.plist in Resources */ = {isa = PBXBuildFile; fileRef = 2164DF161F98FB980081CFDD /* default_de.plist */; };
		21A112ED1FA2326A00C1CD83 /* default_en-GB.plist in Resources */ = {isa = PBXBuildFile; fileRef = 2164DF171F98FB980081CFDD /* default_en-GB.plist */; };
		21A112EE1FA2326A00C1CD83 /* default_en.plist in Resources */ = {isa = PBXBuildFile; fileRef = 2164DF181F98FB980081CFDD /* default_en.plist */; };
		21A112EF1FA2326F00C1CD83 /* File.strings in Resources */ = {isa = PBXBuildFile; fileRef = 2164DF071F98FB980081CFDD /* File.strings */; };
		21A112F21FA2350F00C1CD83 /* NMXCore.h in Headers */ = {isa = PBXBuildFile; fileRef = 21A112F01FA234FE00C1CD83 /* NMXCore.h */; settings = {ATTRIBUTES = (Public, ); }; };
		21A112F31FA2363F00C1CD83 /* NMXCFunctionHelpers.h in CopyFiles */ = {isa = PBXBuildFile; fileRef = 2164DEE41F98FB5A0081CFDD /* NMXCFunctionHelpers.h */; };
		21D32F6F1FA1C03700479607 /* AppDelegate.m in Sources */ = {isa = PBXBuildFile; fileRef = 21D32F6E1FA1C03700479607 /* AppDelegate.m */; };
		21D32F721FA1C03700479607 /* ViewController.m in Sources */ = {isa = PBXBuildFile; fileRef = 21D32F711FA1C03700479607 /* ViewController.m */; };
		21D32F751FA1C03700479607 /* Main.storyboard in Resources */ = {isa = PBXBuildFile; fileRef = 21D32F731FA1C03700479607 /* Main.storyboard */; };
		21D32F771FA1C03700479607 /* Assets.xcassets in Resources */ = {isa = PBXBuildFile; fileRef = 21D32F761FA1C03700479607 /* Assets.xcassets */; };
		21D32F7A1FA1C03700479607 /* LaunchScreen.storyboard in Resources */ = {isa = PBXBuildFile; fileRef = 21D32F781FA1C03700479607 /* LaunchScreen.storyboard */; };
		21D32F7D1FA1C03700479607 /* main.m in Sources */ = {isa = PBXBuildFile; fileRef = 21D32F7C1FA1C03700479607 /* main.m */; };
		21D32F9B1FA1CAA000479607 /* NMXCFunctionHelpers.h in Headers */ = {isa = PBXBuildFile; fileRef = 2164DEE41F98FB5A0081CFDD /* NMXCFunctionHelpers.h */; settings = {ATTRIBUTES = (Public, ); }; };
		21D32F9C1FA1CAA000479607 /* NMXLogging.h in Headers */ = {isa = PBXBuildFile; fileRef = 2164DEE51F98FB5A0081CFDD /* NMXLogging.h */; settings = {ATTRIBUTES = (Public, ); }; };
		21D32F9E1FA1CAA000479607 /* NMXNSBundleFileHandling.h in Headers */ = {isa = PBXBuildFile; fileRef = 2164DEE71F98FB5A0081CFDD /* NMXNSBundleFileHandling.h */; settings = {ATTRIBUTES = (Public, ); }; };
		21D32F9F1FA1CAA000479607 /* NMXNSBundleFileHandling.m in Sources */ = {isa = PBXBuildFile; fileRef = 2164DEE81F98FB5A0081CFDD /* NMXNSBundleFileHandling.m */; };
		21D32FA01FA1CAA000479607 /* NMXExtensions.h in Headers */ = {isa = PBXBuildFile; fileRef = 2164DED51F98FB590081CFDD /* NMXExtensions.h */; settings = {ATTRIBUTES = (Public, ); }; };
		21D32FA11FA1CAA000479607 /* NSDate+NMX.h in Headers */ = {isa = PBXBuildFile; fileRef = 2164DED61F98FB590081CFDD /* NSDate+NMX.h */; settings = {ATTRIBUTES = (Public, ); }; };
		21D32FA21FA1CAA000479607 /* NSDate+NMX.m in Sources */ = {isa = PBXBuildFile; fileRef = 2164DED71F98FB590081CFDD /* NSDate+NMX.m */; };
		21D32FA31FA1CAA000479607 /* NSDictionary+NMX.h in Headers */ = {isa = PBXBuildFile; fileRef = 2164DED81F98FB590081CFDD /* NSDictionary+NMX.h */; settings = {ATTRIBUTES = (Public, ); }; };
		21D32FA41FA1CAA000479607 /* NSDictionary+NMX.m in Sources */ = {isa = PBXBuildFile; fileRef = 2164DED91F98FB590081CFDD /* NSDictionary+NMX.m */; };
		21D32FA51FA1CAA000479607 /* NSNumber+NMX.h in Headers */ = {isa = PBXBuildFile; fileRef = 2164DEDA1F98FB590081CFDD /* NSNumber+NMX.h */; settings = {ATTRIBUTES = (Public, ); }; };
		21D32FA61FA1CAA000479607 /* NSNumber+NMX.m in Sources */ = {isa = PBXBuildFile; fileRef = 2164DEDB1F98FB590081CFDD /* NSNumber+NMX.m */; };
		21D32FA71FA1CAA000479607 /* NSString+NMX.h in Headers */ = {isa = PBXBuildFile; fileRef = 2164DEDC1F98FB590081CFDD /* NSString+NMX.h */; settings = {ATTRIBUTES = (Public, ); }; };
		21D32FA81FA1CAA000479607 /* NSString+NMX.m in Sources */ = {isa = PBXBuildFile; fileRef = 2164DEDD1F98FB590081CFDD /* NSString+NMX.m */; };
		21D32FA91FA1CAA000479607 /* NMXLocalizationHandler.h in Headers */ = {isa = PBXBuildFile; fileRef = 2164DEDF1F98FB590081CFDD /* NMXLocalizationHandler.h */; settings = {ATTRIBUTES = (Public, ); }; };
		21D32FAA1FA1CAA000479607 /* NMXLocalizationHandler.m in Sources */ = {isa = PBXBuildFile; fileRef = 2164DEE01F98FB590081CFDD /* NMXLocalizationHandler.m */; };
		21D32FAB1FA1CAA000479607 /* NMXUtilities.h in Headers */ = {isa = PBXBuildFile; fileRef = 2164DEE11F98FB590081CFDD /* NMXUtilities.h */; settings = {ATTRIBUTES = (Public, ); }; };
		21D32FAC1FA1CE2100479607 /* NMXCore.framework in Frameworks */ = {isa = PBXBuildFile; fileRef = 2164DEBA1F98FB290081CFDD /* NMXCore.framework */; };
		21D32FAD1FA1CE2100479607 /* NMXCore.framework in Embed Frameworks */ = {isa = PBXBuildFile; fileRef = 2164DEBA1F98FB290081CFDD /* NMXCore.framework */; settings = {ATTRIBUTES = (CodeSignOnCopy, RemoveHeadersOnCopy, ); }; };
		21D32FB31FA1E81200479607 /* NMXLogging.m in Sources */ = {isa = PBXBuildFile; fileRef = 21D32FB01FA1E76400479607 /* NMXLogging.m */; };
/* End PBXBuildFile section */

/* Begin PBXContainerItemProxy section */
		21A1127F1FA2109500C1CD83 /* PBXContainerItemProxy */ = {
			isa = PBXContainerItemProxy;
			containerPortal = 2164DEB11F98FB290081CFDD /* Project object */;
			proxyType = 1;
			remoteGlobalIDString = 2164DEB91F98FB290081CFDD;
			remoteInfo = NMXCore;
		};
		21A112C91FA2322C00C1CD83 /* PBXContainerItemProxy */ = {
			isa = PBXContainerItemProxy;
			containerPortal = 2164DEB11F98FB290081CFDD /* Project object */;
			proxyType = 1;
			remoteGlobalIDString = 21A112AE1FA22FBA00C1CD83;
			remoteInfo = NMXCoreStatic;
		};
		21D32FAE1FA1CE2100479607 /* PBXContainerItemProxy */ = {
			isa = PBXContainerItemProxy;
			containerPortal = 2164DEB11F98FB290081CFDD /* Project object */;
			proxyType = 1;
			remoteGlobalIDString = 2164DEB91F98FB290081CFDD;
			remoteInfo = NMXCore;
		};
/* End PBXContainerItemProxy section */

/* Begin PBXCopyFilesBuildPhase section */
		21A112AD1FA22FBA00C1CD83 /* CopyFiles */ = {
			isa = PBXCopyFilesBuildPhase;
			buildActionMask = 2147483647;
			dstPath = "include/$(PRODUCT_NAME)";
			dstSubfolderSpec = 16;
			files = (
				21A112F31FA2363F00C1CD83 /* NMXCFunctionHelpers.h in CopyFiles */,
			);
			runOnlyForDeploymentPostprocessing = 0;
		};
		21D32F8C1FA1C92300479607 /* Embed Frameworks */ = {
			isa = PBXCopyFilesBuildPhase;
			buildActionMask = 2147483647;
			dstPath = "";
			dstSubfolderSpec = 10;
			files = (
				21D32FAD1FA1CE2100479607 /* NMXCore.framework in Embed Frameworks */,
			);
			name = "Embed Frameworks";
			runOnlyForDeploymentPostprocessing = 0;
		};
/* End PBXCopyFilesBuildPhase section */

/* Begin PBXFileReference section */
		2164DEBA1F98FB290081CFDD /* NMXCore.framework */ = {isa = PBXFileReference; explicitFileType = wrapper.framework; includeInIndex = 0; path = NMXCore.framework; sourceTree = BUILT_PRODUCTS_DIR; };
		2164DEBE1F98FB290081CFDD /* Info.plist */ = {isa = PBXFileReference; lastKnownFileType = text.plist.xml; path = Info.plist; sourceTree = "<group>"; };
		2164DEC31F98FB290081CFDD /* NMXCoreTests.xctest */ = {isa = PBXFileReference; explicitFileType = wrapper.cfbundle; includeInIndex = 0; path = NMXCoreTests.xctest; sourceTree = BUILT_PRODUCTS_DIR; };
		2164DECA1F98FB290081CFDD /* Info.plist */ = {isa = PBXFileReference; lastKnownFileType = text.plist.xml; path = Info.plist; sourceTree = "<group>"; };
		2164DED51F98FB590081CFDD /* NMXExtensions.h */ = {isa = PBXFileReference; lastKnownFileType = sourcecode.c.h; path = NMXExtensions.h; sourceTree = "<group>"; };
		2164DED61F98FB590081CFDD /* NSDate+NMX.h */ = {isa = PBXFileReference; lastKnownFileType = sourcecode.c.h; path = "NSDate+NMX.h"; sourceTree = "<group>"; };
		2164DED71F98FB590081CFDD /* NSDate+NMX.m */ = {isa = PBXFileReference; lastKnownFileType = sourcecode.c.objc; path = "NSDate+NMX.m"; sourceTree = "<group>"; };
		2164DED81F98FB590081CFDD /* NSDictionary+NMX.h */ = {isa = PBXFileReference; lastKnownFileType = sourcecode.c.h; path = "NSDictionary+NMX.h"; sourceTree = "<group>"; };
		2164DED91F98FB590081CFDD /* NSDictionary+NMX.m */ = {isa = PBXFileReference; lastKnownFileType = sourcecode.c.objc; path = "NSDictionary+NMX.m"; sourceTree = "<group>"; };
		2164DEDA1F98FB590081CFDD /* NSNumber+NMX.h */ = {isa = PBXFileReference; lastKnownFileType = sourcecode.c.h; path = "NSNumber+NMX.h"; sourceTree = "<group>"; };
		2164DEDB1F98FB590081CFDD /* NSNumber+NMX.m */ = {isa = PBXFileReference; lastKnownFileType = sourcecode.c.objc; path = "NSNumber+NMX.m"; sourceTree = "<group>"; };
		2164DEDC1F98FB590081CFDD /* NSString+NMX.h */ = {isa = PBXFileReference; lastKnownFileType = sourcecode.c.h; path = "NSString+NMX.h"; sourceTree = "<group>"; };
		2164DEDD1F98FB590081CFDD /* NSString+NMX.m */ = {isa = PBXFileReference; lastKnownFileType = sourcecode.c.objc; path = "NSString+NMX.m"; sourceTree = "<group>"; };
		2164DEDF1F98FB590081CFDD /* NMXLocalizationHandler.h */ = {isa = PBXFileReference; lastKnownFileType = sourcecode.c.h; path = NMXLocalizationHandler.h; sourceTree = "<group>"; };
		2164DEE01F98FB590081CFDD /* NMXLocalizationHandler.m */ = {isa = PBXFileReference; lastKnownFileType = sourcecode.c.objc; path = NMXLocalizationHandler.m; sourceTree = "<group>"; };
		2164DEE11F98FB590081CFDD /* NMXUtilities.h */ = {isa = PBXFileReference; lastKnownFileType = sourcecode.c.h; path = NMXUtilities.h; sourceTree = "<group>"; };
		2164DEE41F98FB5A0081CFDD /* NMXCFunctionHelpers.h */ = {isa = PBXFileReference; lastKnownFileType = sourcecode.c.h; path = NMXCFunctionHelpers.h; sourceTree = "<group>"; };
		2164DEE51F98FB5A0081CFDD /* NMXLogging.h */ = {isa = PBXFileReference; lastKnownFileType = sourcecode.c.h; path = NMXLogging.h; sourceTree = "<group>"; };
		2164DEE71F98FB5A0081CFDD /* NMXNSBundleFileHandling.h */ = {isa = PBXFileReference; lastKnownFileType = sourcecode.c.h; path = NMXNSBundleFileHandling.h; sourceTree = "<group>"; };
		2164DEE81F98FB5A0081CFDD /* NMXNSBundleFileHandling.m */ = {isa = PBXFileReference; lastKnownFileType = sourcecode.c.objc; path = NMXNSBundleFileHandling.m; sourceTree = "<group>"; };
		2164DEEA1F98FB980081CFDD /* NMXTestDataSource.h */ = {isa = PBXFileReference; lastKnownFileType = sourcecode.c.h; path = NMXTestDataSource.h; sourceTree = "<group>"; };
		2164DEEB1F98FB980081CFDD /* NMXTestDataSource.m */ = {isa = PBXFileReference; lastKnownFileType = sourcecode.c.objc; path = NMXTestDataSource.m; sourceTree = "<group>"; };
		2164DEEC1F98FB980081CFDD /* NSBundle+NMXTest.h */ = {isa = PBXFileReference; lastKnownFileType = sourcecode.c.h; path = "NSBundle+NMXTest.h"; sourceTree = "<group>"; };
		2164DEED1F98FB980081CFDD /* NSBundle+NMXTest.m */ = {isa = PBXFileReference; lastKnownFileType = sourcecode.c.objc; path = "NSBundle+NMXTest.m"; sourceTree = "<group>"; };
		2164DEEE1F98FB980081CFDD /* NSDate+NMXTest.h */ = {isa = PBXFileReference; lastKnownFileType = sourcecode.c.h; path = "NSDate+NMXTest.h"; sourceTree = "<group>"; };
		2164DEEF1F98FB980081CFDD /* NSDate+NMXTest.m */ = {isa = PBXFileReference; lastKnownFileType = sourcecode.c.objc; path = "NSDate+NMXTest.m"; sourceTree = "<group>"; };
		2164DEF01F98FB980081CFDD /* NSDictionary+NMXTest.h */ = {isa = PBXFileReference; lastKnownFileType = sourcecode.c.h; path = "NSDictionary+NMXTest.h"; sourceTree = "<group>"; };
		2164DEF11F98FB980081CFDD /* NSDictionary+NMXTest.m */ = {isa = PBXFileReference; lastKnownFileType = sourcecode.c.objc; path = "NSDictionary+NMXTest.m"; sourceTree = "<group>"; };
		2164DEF21F98FB980081CFDD /* NSNumber+NMXTest.h */ = {isa = PBXFileReference; lastKnownFileType = sourcecode.c.h; path = "NSNumber+NMXTest.h"; sourceTree = "<group>"; };
		2164DEF31F98FB980081CFDD /* NSNumber+NMXTest.m */ = {isa = PBXFileReference; lastKnownFileType = sourcecode.c.objc; path = "NSNumber+NMXTest.m"; sourceTree = "<group>"; };
		2164DEF41F98FB980081CFDD /* NSString+NMXTest.h */ = {isa = PBXFileReference; lastKnownFileType = sourcecode.c.h; path = "NSString+NMXTest.h"; sourceTree = "<group>"; };
		2164DEF51F98FB980081CFDD /* NSString+NMXTest.m */ = {isa = PBXFileReference; lastKnownFileType = sourcecode.c.objc; path = "NSString+NMXTest.m"; sourceTree = "<group>"; };
		2164DEF81F98FB980081CFDD /* NMXBundleFileHandlingTest.m */ = {isa = PBXFileReference; lastKnownFileType = sourcecode.c.objc; path = NMXBundleFileHandlingTest.m; sourceTree = "<group>"; };
		2164DEF91F98FB980081CFDD /* NMXLoggingTest.m */ = {isa = PBXFileReference; lastKnownFileType = sourcecode.c.objc; path = NMXLoggingTest.m; sourceTree = "<group>"; };
		2164DEFB1F98FB980081CFDD /* NoPathExtension */ = {isa = PBXFileReference; lastKnownFileType = text; path = NoPathExtension; sourceTree = "<group>"; };
		2164DEFD1F98FB980081CFDD /* NMXDateTest.m */ = {isa = PBXFileReference; lastKnownFileType = sourcecode.c.objc; path = NMXDateTest.m; sourceTree = "<group>"; };
		2164DEFE1F98FB980081CFDD /* NMXDictionaryTest.m */ = {isa = PBXFileReference; lastKnownFileType = sourcecode.c.objc; path = NMXDictionaryTest.m; sourceTree = "<group>"; };
		2164DEFF1F98FB980081CFDD /* NMXNumberTest.m */ = {isa = PBXFileReference; lastKnownFileType = sourcecode.c.objc; path = NMXNumberTest.m; sourceTree = "<group>"; };
		2164DF001F98FB980081CFDD /* NMXStringTest.m */ = {isa = PBXFileReference; lastKnownFileType = sourcecode.c.objc; path = NMXStringTest.m; sourceTree = "<group>"; };
		2164DF021F98FB980081CFDD /* empty.json */ = {isa = PBXFileReference; lastKnownFileType = text.json; path = empty.json; sourceTree = "<group>"; };
		2164DF031F98FB980081CFDD /* image.PNG.json */ = {isa = PBXFileReference; lastKnownFileType = text.json; path = image.PNG.json; sourceTree = "<group>"; };
		2164DF041F98FB980081CFDD /* trackings_valid_1.json */ = {isa = PBXFileReference; lastKnownFileType = text.json; path = trackings_valid_1.json; sourceTree = "<group>"; };
		2164DF051F98FB980081CFDD /* trackings_valid_2.json */ = {isa = PBXFileReference; lastKnownFileType = text.json; path = trackings_valid_2.json; sourceTree = "<group>"; };
		2164DF081F98FB980081CFDD /* de */ = {isa = PBXFileReference; lastKnownFileType = text.plist.strings; name = de; path = de.lproj/File.strings; sourceTree = "<group>"; };
		2164DF091F98FB980081CFDD /* en-ER */ = {isa = PBXFileReference; lastKnownFileType = text.plist.strings; name = "en-ER"; path = "en-ER.lproj/File.strings"; sourceTree = "<group>"; };
		2164DF0A1F98FB980081CFDD /* en-GB */ = {isa = PBXFileReference; lastKnownFileType = text.plist.strings; name = "en-GB"; path = "en-GB.lproj/File.strings"; sourceTree = "<group>"; };
		2164DF0B1F98FB980081CFDD /* en */ = {isa = PBXFileReference; lastKnownFileType = text.plist.strings; name = en; path = en.lproj/File.strings; sourceTree = "<group>"; };
		2164DF0C1F98FB980081CFDD /* es-MX */ = {isa = PBXFileReference; lastKnownFileType = text.plist.strings; name = "es-MX"; path = "es-MX.lproj/File.strings"; sourceTree = "<group>"; };
		2164DF0D1F98FB980081CFDD /* fr */ = {isa = PBXFileReference; lastKnownFileType = text.plist.strings; name = fr; path = fr.lproj/File.strings; sourceTree = "<group>"; };
		2164DF0E1F98FB980081CFDD /* NMXLocalizationHandler+Test.h */ = {isa = PBXFileReference; lastKnownFileType = sourcecode.c.h; path = "NMXLocalizationHandler+Test.h"; sourceTree = "<group>"; };
		2164DF0F1F98FB980081CFDD /* NMXLocalizationHandlerIntegrationTest.m */ = {isa = PBXFileReference; lastKnownFileType = sourcecode.c.objc; path = NMXLocalizationHandlerIntegrationTest.m; sourceTree = "<group>"; };
		2164DF101F98FB980081CFDD /* NMXLocalizationHandlerTest.m */ = {isa = PBXFileReference; lastKnownFileType = sourcecode.c.objc; path = NMXLocalizationHandlerTest.m; sourceTree = "<group>"; };
		2164DF121F98FB980081CFDD /* default-2_de.plist */ = {isa = PBXFileReference; lastKnownFileType = text.plist.xml; path = "default-2_de.plist"; sourceTree = "<group>"; };
		2164DF131F98FB980081CFDD /* default-2_en-GB.plist */ = {isa = PBXFileReference; lastKnownFileType = text.plist.xml; path = "default-2_en-GB.plist"; sourceTree = "<group>"; };
		2164DF141F98FB980081CFDD /* default-2_en.plist */ = {isa = PBXFileReference; lastKnownFileType = text.plist.xml; path = "default-2_en.plist"; sourceTree = "<group>"; };
		2164DF151F98FB980081CFDD /* default-2_fr.plist */ = {isa = PBXFileReference; lastKnownFileType = text.plist.xml; path = "default-2_fr.plist"; sourceTree = "<group>"; };
		2164DF161F98FB980081CFDD /* default_de.plist */ = {isa = PBXFileReference; lastKnownFileType = text.plist.xml; path = default_de.plist; sourceTree = "<group>"; };
		2164DF171F98FB980081CFDD /* default_en-GB.plist */ = {isa = PBXFileReference; lastKnownFileType = text.plist.xml; path = "default_en-GB.plist"; sourceTree = "<group>"; };
		2164DF181F98FB980081CFDD /* default_en.plist */ = {isa = PBXFileReference; lastKnownFileType = text.plist.xml; path = default_en.plist; sourceTree = "<group>"; };
		21A1127C1FA2107E00C1CD83 /* NMXCore.framework */ = {isa = PBXFileReference; lastKnownFileType = wrapper.framework; path = NMXCore.framework; sourceTree = "<group>"; };
		21A112AF1FA22FBA00C1CD83 /* libNMXCoreStatic.a */ = {isa = PBXFileReference; explicitFileType = archive.ar; includeInIndex = 0; path = libNMXCoreStatic.a; sourceTree = BUILT_PRODUCTS_DIR; };
		21A112C31FA2322C00C1CD83 /* NMXCoreTestsStatic.xctest */ = {isa = PBXFileReference; explicitFileType = wrapper.cfbundle; includeInIndex = 0; path = NMXCoreTestsStatic.xctest; sourceTree = BUILT_PRODUCTS_DIR; };
		21A112C51FA2322C00C1CD83 /* NMXCoreTestsStatic.m */ = {isa = PBXFileReference; lastKnownFileType = sourcecode.c.objc; path = NMXCoreTestsStatic.m; sourceTree = "<group>"; };
		21A112C71FA2322C00C1CD83 /* Info.plist */ = {isa = PBXFileReference; lastKnownFileType = text.plist.xml; path = Info.plist; sourceTree = "<group>"; };
		21A112F01FA234FE00C1CD83 /* NMXCore.h */ = {isa = PBXFileReference; lastKnownFileType = sourcecode.c.h; path = NMXCore.h; sourceTree = SOURCE_ROOT; };
		21A112F11FA2350A00C1CD83 /* NMXCoreStatic.h */ = {isa = PBXFileReference; lastKnownFileType = sourcecode.c.h; path = NMXCoreStatic.h; sourceTree = "<group>"; };
		21D32F6B1FA1C03700479607 /* Demo.app */ = {isa = PBXFileReference; explicitFileType = wrapper.application; includeInIndex = 0; path = Demo.app; sourceTree = BUILT_PRODUCTS_DIR; };
		21D32F6D1FA1C03700479607 /* AppDelegate.h */ = {isa = PBXFileReference; lastKnownFileType = sourcecode.c.h; path = AppDelegate.h; sourceTree = "<group>"; };
		21D32F6E1FA1C03700479607 /* AppDelegate.m */ = {isa = PBXFileReference; lastKnownFileType = sourcecode.c.objc; path = AppDelegate.m; sourceTree = "<group>"; };
		21D32F701FA1C03700479607 /* ViewController.h */ = {isa = PBXFileReference; lastKnownFileType = sourcecode.c.h; path = ViewController.h; sourceTree = "<group>"; };
		21D32F711FA1C03700479607 /* ViewController.m */ = {isa = PBXFileReference; lastKnownFileType = sourcecode.c.objc; path = ViewController.m; sourceTree = "<group>"; };
		21D32F741FA1C03700479607 /* Base */ = {isa = PBXFileReference; lastKnownFileType = file.storyboard; name = Base; path = Base.lproj/Main.storyboard; sourceTree = "<group>"; };
		21D32F761FA1C03700479607 /* Assets.xcassets */ = {isa = PBXFileReference; lastKnownFileType = folder.assetcatalog; path = Assets.xcassets; sourceTree = "<group>"; };
		21D32F791FA1C03700479607 /* Base */ = {isa = PBXFileReference; lastKnownFileType = file.storyboard; name = Base; path = Base.lproj/LaunchScreen.storyboard; sourceTree = "<group>"; };
		21D32F7B1FA1C03700479607 /* Info.plist */ = {isa = PBXFileReference; lastKnownFileType = text.plist.xml; path = Info.plist; sourceTree = "<group>"; };
		21D32F7C1FA1C03700479607 /* main.m */ = {isa = PBXFileReference; lastKnownFileType = sourcecode.c.objc; path = main.m; sourceTree = "<group>"; };
		21D32FB01FA1E76400479607 /* NMXLogging.m */ = {isa = PBXFileReference; lastKnownFileType = sourcecode.c.objc; path = NMXLogging.m; sourceTree = "<group>"; };
/* End PBXFileReference section */

/* Begin PBXFrameworksBuildPhase section */
		2164DEB61F98FB290081CFDD /* Frameworks */ = {
			isa = PBXFrameworksBuildPhase;
			buildActionMask = 2147483647;
			files = (
			);
			runOnlyForDeploymentPostprocessing = 0;
		};
		2164DEC01F98FB290081CFDD /* Frameworks */ = {
			isa = PBXFrameworksBuildPhase;
			buildActionMask = 2147483647;
			files = (
				21A1127E1FA2108300C1CD83 /* NMXCore.framework in Frameworks */,
				21A112811FA210A200C1CD83 /* NMXCore.framework in Frameworks */,
			);
			runOnlyForDeploymentPostprocessing = 0;
		};
		21A112AC1FA22FBA00C1CD83 /* Frameworks */ = {
			isa = PBXFrameworksBuildPhase;
			buildActionMask = 2147483647;
			files = (
			);
			runOnlyForDeploymentPostprocessing = 0;
		};
		21A112C01FA2322C00C1CD83 /* Frameworks */ = {
			isa = PBXFrameworksBuildPhase;
			buildActionMask = 2147483647;
			files = (
				21A112C81FA2322C00C1CD83 /* libNMXCoreStatic.a in Frameworks */,
			);
			runOnlyForDeploymentPostprocessing = 0;
		};
		21D32F681FA1C03700479607 /* Frameworks */ = {
			isa = PBXFrameworksBuildPhase;
			buildActionMask = 2147483647;
			files = (
				21D32FAC1FA1CE2100479607 /* NMXCore.framework in Frameworks */,
			);
			runOnlyForDeploymentPostprocessing = 0;
		};
/* End PBXFrameworksBuildPhase section */

/* Begin PBXGroup section */
		2164DEB01F98FB290081CFDD = {
			isa = PBXGroup;
			children = (
				2164DEBC1F98FB290081CFDD /* NMXCore */,
				2164DEC71F98FB290081CFDD /* NMXCoreTests */,
				21D32F6C1FA1C03700479607 /* Demo */,
				21A112C41FA2322C00C1CD83 /* NMXCoreTestsStatic */,
				2164DEBB1F98FB290081CFDD /* Products */,
				21D32F861FA1C24500479607 /* Frameworks */,
			);
			sourceTree = "<group>";
		};
		2164DEBB1F98FB290081CFDD /* Products */ = {
			isa = PBXGroup;
			children = (
				2164DEBA1F98FB290081CFDD /* NMXCore.framework */,
				2164DEC31F98FB290081CFDD /* NMXCoreTests.xctest */,
				21D32F6B1FA1C03700479607 /* Demo.app */,
				21A112AF1FA22FBA00C1CD83 /* libNMXCoreStatic.a */,
				21A112C31FA2322C00C1CD83 /* NMXCoreTestsStatic.xctest */,
			);
			name = Products;
			sourceTree = "<group>";
		};
		2164DEBC1F98FB290081CFDD /* NMXCore */ = {
			isa = PBXGroup;
			children = (
				21A112F01FA234FE00C1CD83 /* NMXCore.h */,
				21A112F11FA2350A00C1CD83 /* NMXCoreStatic.h */,
				2164DEE31F98FB5A0081CFDD /* C-Function Helpers */,
				2164DED41F98FB590081CFDD /* Extensions */,
				2164DEDE1F98FB590081CFDD /* Utilities */,
				2164DEBE1F98FB290081CFDD /* Info.plist */,
			);
			path = NMXCore;
			sourceTree = "<group>";
		};
		2164DEC71F98FB290081CFDD /* NMXCoreTests */ = {
			isa = PBXGroup;
			children = (
				2164DEE91F98FB980081CFDD /* Class Extensions */,
				2164DEF61F98FB980081CFDD /* Tests */,
				2164DECA1F98FB290081CFDD /* Info.plist */,
			);
			path = NMXCoreTests;
			sourceTree = "<group>";
		};
		2164DED41F98FB590081CFDD /* Extensions */ = {
			isa = PBXGroup;
			children = (
				2164DED51F98FB590081CFDD /* NMXExtensions.h */,
				2164DED61F98FB590081CFDD /* NSDate+NMX.h */,
				2164DED71F98FB590081CFDD /* NSDate+NMX.m */,
				2164DED81F98FB590081CFDD /* NSDictionary+NMX.h */,
				2164DED91F98FB590081CFDD /* NSDictionary+NMX.m */,
				2164DEDA1F98FB590081CFDD /* NSNumber+NMX.h */,
				2164DEDB1F98FB590081CFDD /* NSNumber+NMX.m */,
				2164DEDC1F98FB590081CFDD /* NSString+NMX.h */,
				2164DEDD1F98FB590081CFDD /* NSString+NMX.m */,
			);
			path = Extensions;
			sourceTree = "<group>";
		};
		2164DEDE1F98FB590081CFDD /* Utilities */ = {
			isa = PBXGroup;
			children = (
				2164DEDF1F98FB590081CFDD /* NMXLocalizationHandler.h */,
				2164DEE01F98FB590081CFDD /* NMXLocalizationHandler.m */,
				2164DEE11F98FB590081CFDD /* NMXUtilities.h */,
			);
			path = Utilities;
			sourceTree = "<group>";
		};
		2164DEE31F98FB5A0081CFDD /* C-Function Helpers */ = {
			isa = PBXGroup;
			children = (
				2164DEE41F98FB5A0081CFDD /* NMXCFunctionHelpers.h */,
				2164DEE51F98FB5A0081CFDD /* NMXLogging.h */,
				21D32FB01FA1E76400479607 /* NMXLogging.m */,
				2164DEE71F98FB5A0081CFDD /* NMXNSBundleFileHandling.h */,
				2164DEE81F98FB5A0081CFDD /* NMXNSBundleFileHandling.m */,
			);
			path = "C-Function Helpers";
			sourceTree = "<group>";
		};
		2164DEE91F98FB980081CFDD /* Class Extensions */ = {
			isa = PBXGroup;
			children = (
				2164DEEA1F98FB980081CFDD /* NMXTestDataSource.h */,
				2164DEEB1F98FB980081CFDD /* NMXTestDataSource.m */,
				2164DEEC1F98FB980081CFDD /* NSBundle+NMXTest.h */,
				2164DEED1F98FB980081CFDD /* NSBundle+NMXTest.m */,
				2164DEEE1F98FB980081CFDD /* NSDate+NMXTest.h */,
				2164DEEF1F98FB980081CFDD /* NSDate+NMXTest.m */,
				2164DEF01F98FB980081CFDD /* NSDictionary+NMXTest.h */,
				2164DEF11F98FB980081CFDD /* NSDictionary+NMXTest.m */,
				2164DEF21F98FB980081CFDD /* NSNumber+NMXTest.h */,
				2164DEF31F98FB980081CFDD /* NSNumber+NMXTest.m */,
				2164DEF41F98FB980081CFDD /* NSString+NMXTest.h */,
				2164DEF51F98FB980081CFDD /* NSString+NMXTest.m */,
			);
			path = "Class Extensions";
			sourceTree = "<group>";
		};
		2164DEF61F98FB980081CFDD /* Tests */ = {
			isa = PBXGroup;
			children = (
				2164DEF71F98FB980081CFDD /* C-Function Helpers */,
				2164DEFC1F98FB980081CFDD /* Extensions */,
				2164DF061F98FB980081CFDD /* Utilities */,
			);
			path = Tests;
			sourceTree = "<group>";
		};
		2164DEF71F98FB980081CFDD /* C-Function Helpers */ = {
			isa = PBXGroup;
			children = (
				2164DEF81F98FB980081CFDD /* NMXBundleFileHandlingTest.m */,
				2164DEF91F98FB980081CFDD /* NMXLoggingTest.m */,
				2164DEFA1F98FB980081CFDD /* Test Files */,
			);
			path = "C-Function Helpers";
			sourceTree = "<group>";
		};
		2164DEFA1F98FB980081CFDD /* Test Files */ = {
			isa = PBXGroup;
			children = (
				2164DEFB1F98FB980081CFDD /* NoPathExtension */,
			);
			path = "Test Files";
			sourceTree = "<group>";
		};
		2164DEFC1F98FB980081CFDD /* Extensions */ = {
			isa = PBXGroup;
			children = (
				2164DEFD1F98FB980081CFDD /* NMXDateTest.m */,
				2164DEFE1F98FB980081CFDD /* NMXDictionaryTest.m */,
				2164DEFF1F98FB980081CFDD /* NMXNumberTest.m */,
				2164DF001F98FB980081CFDD /* NMXStringTest.m */,
				2164DF011F98FB980081CFDD /* Test Files */,
			);
			path = Extensions;
			sourceTree = "<group>";
		};
		2164DF011F98FB980081CFDD /* Test Files */ = {
			isa = PBXGroup;
			children = (
				2164DF021F98FB980081CFDD /* empty.json */,
				2164DF031F98FB980081CFDD /* image.PNG.json */,
				2164DF041F98FB980081CFDD /* trackings_valid_1.json */,
				2164DF051F98FB980081CFDD /* trackings_valid_2.json */,
			);
			path = "Test Files";
			sourceTree = "<group>";
		};
		2164DF061F98FB980081CFDD /* Utilities */ = {
			isa = PBXGroup;
			children = (
				2164DF071F98FB980081CFDD /* File.strings */,
				2164DF0E1F98FB980081CFDD /* NMXLocalizationHandler+Test.h */,
				2164DF0F1F98FB980081CFDD /* NMXLocalizationHandlerIntegrationTest.m */,
				2164DF101F98FB980081CFDD /* NMXLocalizationHandlerTest.m */,
				2164DF111F98FB980081CFDD /* Test Files */,
			);
			path = Utilities;
			sourceTree = "<group>";
		};
		2164DF111F98FB980081CFDD /* Test Files */ = {
			isa = PBXGroup;
			children = (
				2164DF121F98FB980081CFDD /* default-2_de.plist */,
				2164DF131F98FB980081CFDD /* default-2_en-GB.plist */,
				2164DF141F98FB980081CFDD /* default-2_en.plist */,
				2164DF151F98FB980081CFDD /* default-2_fr.plist */,
				2164DF161F98FB980081CFDD /* default_de.plist */,
				2164DF171F98FB980081CFDD /* default_en-GB.plist */,
				2164DF181F98FB980081CFDD /* default_en.plist */,
			);
			path = "Test Files";
			sourceTree = "<group>";
		};
		21A112C41FA2322C00C1CD83 /* NMXCoreTestsStatic */ = {
			isa = PBXGroup;
			children = (
				21A112C51FA2322C00C1CD83 /* NMXCoreTestsStatic.m */,
				21A112C71FA2322C00C1CD83 /* Info.plist */,
			);
			path = NMXCoreTestsStatic;
			sourceTree = "<group>";
		};
		21D32F6C1FA1C03700479607 /* Demo */ = {
			isa = PBXGroup;
			children = (
				21D32F6D1FA1C03700479607 /* AppDelegate.h */,
				21D32F6E1FA1C03700479607 /* AppDelegate.m */,
				21D32F701FA1C03700479607 /* ViewController.h */,
				21D32F711FA1C03700479607 /* ViewController.m */,
				21D32F731FA1C03700479607 /* Main.storyboard */,
				21D32F761FA1C03700479607 /* Assets.xcassets */,
				21D32F781FA1C03700479607 /* LaunchScreen.storyboard */,
				21D32F7B1FA1C03700479607 /* Info.plist */,
				21D32F7C1FA1C03700479607 /* main.m */,
			);
			path = Demo;
			sourceTree = "<group>";
		};
		21D32F861FA1C24500479607 /* Frameworks */ = {
			isa = PBXGroup;
			children = (
				21A1127C1FA2107E00C1CD83 /* NMXCore.framework */,
			);
			name = Frameworks;
			sourceTree = "<group>";
		};
/* End PBXGroup section */

/* Begin PBXHeadersBuildPhase section */
		2164DEB71F98FB290081CFDD /* Headers */ = {
			isa = PBXHeadersBuildPhase;
			buildActionMask = 2147483647;
			files = (
				21D32F9B1FA1CAA000479607 /* NMXCFunctionHelpers.h in Headers */,
				21D32FA11FA1CAA000479607 /* NSDate+NMX.h in Headers */,
				21D32FA91FA1CAA000479607 /* NMXLocalizationHandler.h in Headers */,
				21D32FA01FA1CAA000479607 /* NMXExtensions.h in Headers */,
				21A112F21FA2350F00C1CD83 /* NMXCore.h in Headers */,
				21D32F9C1FA1CAA000479607 /* NMXLogging.h in Headers */,
				21D32FA51FA1CAA000479607 /* NSNumber+NMX.h in Headers */,
				21D32FAB1FA1CAA000479607 /* NMXUtilities.h in Headers */,
				21D32F9E1FA1CAA000479607 /* NMXNSBundleFileHandling.h in Headers */,
				21D32FA31FA1CAA000479607 /* NSDictionary+NMX.h in Headers */,
				21D32FA71FA1CAA000479607 /* NSString+NMX.h in Headers */,
			);
			runOnlyForDeploymentPostprocessing = 0;
		};
/* End PBXHeadersBuildPhase section */

/* Begin PBXNativeTarget section */
		2164DEB91F98FB290081CFDD /* NMXCore */ = {
			isa = PBXNativeTarget;
			buildConfigurationList = 2164DECE1F98FB290081CFDD /* Build configuration list for PBXNativeTarget "NMXCore" */;
			buildPhases = (
				2164DEB51F98FB290081CFDD /* Sources */,
				2164DEB61F98FB290081CFDD /* Frameworks */,
				2164DEB71F98FB290081CFDD /* Headers */,
				2164DEB81F98FB290081CFDD /* Resources */,
			);
			buildRules = (
			);
			dependencies = (
			);
			name = NMXCore;
			productName = NMXCore;
			productReference = 2164DEBA1F98FB290081CFDD /* NMXCore.framework */;
			productType = "com.apple.product-type.framework";
		};
		2164DEC21F98FB290081CFDD /* NMXCoreTests */ = {
			isa = PBXNativeTarget;
			buildConfigurationList = 2164DED11F98FB290081CFDD /* Build configuration list for PBXNativeTarget "NMXCoreTests" */;
			buildPhases = (
				2164DEBF1F98FB290081CFDD /* Sources */,
				2164DEC01F98FB290081CFDD /* Frameworks */,
				2164DEC11F98FB290081CFDD /* Resources */,
			);
			buildRules = (
			);
			dependencies = (
				21A112801FA2109500C1CD83 /* PBXTargetDependency */,
			);
			name = NMXCoreTests;
			productName = NMXCoreTests;
			productReference = 2164DEC31F98FB290081CFDD /* NMXCoreTests.xctest */;
			productType = "com.apple.product-type.bundle.unit-test";
		};
		21A112AE1FA22FBA00C1CD83 /* NMXCoreStatic */ = {
			isa = PBXNativeTarget;
			buildConfigurationList = 21A112B71FA22FBA00C1CD83 /* Build configuration list for PBXNativeTarget "NMXCoreStatic" */;
			buildPhases = (
				21A112AB1FA22FBA00C1CD83 /* Sources */,
				21A112AC1FA22FBA00C1CD83 /* Frameworks */,
				21A112AD1FA22FBA00C1CD83 /* CopyFiles */,
			);
			buildRules = (
			);
			dependencies = (
			);
			name = NMXCoreStatic;
			productName = NMXCoreStatic;
			productReference = 21A112AF1FA22FBA00C1CD83 /* libNMXCoreStatic.a */;
			productType = "com.apple.product-type.library.static";
		};
		21A112C21FA2322C00C1CD83 /* NMXCoreTestsStatic */ = {
			isa = PBXNativeTarget;
			buildConfigurationList = 21A112CB1FA2322C00C1CD83 /* Build configuration list for PBXNativeTarget "NMXCoreTestsStatic" */;
			buildPhases = (
				21A112BF1FA2322C00C1CD83 /* Sources */,
				21A112C01FA2322C00C1CD83 /* Frameworks */,
				21A112C11FA2322C00C1CD83 /* Resources */,
			);
			buildRules = (
			);
			dependencies = (
				21A112CA1FA2322C00C1CD83 /* PBXTargetDependency */,
			);
			name = NMXCoreTestsStatic;
			productName = NMXCoreTestsStatic;
			productReference = 21A112C31FA2322C00C1CD83 /* NMXCoreTestsStatic.xctest */;
			productType = "com.apple.product-type.bundle.unit-test";
		};
		21D32F6A1FA1C03700479607 /* Demo */ = {
			isa = PBXNativeTarget;
			buildConfigurationList = 21D32F7E1FA1C03700479607 /* Build configuration list for PBXNativeTarget "Demo" */;
			buildPhases = (
				21D32F671FA1C03700479607 /* Sources */,
				21D32F681FA1C03700479607 /* Frameworks */,
				21D32F691FA1C03700479607 /* Resources */,
				21D32F8C1FA1C92300479607 /* Embed Frameworks */,
			);
			buildRules = (
			);
			dependencies = (
				21D32FAF1FA1CE2100479607 /* PBXTargetDependency */,
			);
			name = Demo;
			productName = Demo;
			productReference = 21D32F6B1FA1C03700479607 /* Demo.app */;
			productType = "com.apple.product-type.application";
		};
/* End PBXNativeTarget section */

/* Begin PBXProject section */
		2164DEB11F98FB290081CFDD /* Project object */ = {
			isa = PBXProject;
			attributes = {
				LastSwiftUpdateCheck = 0900;
				LastUpgradeCheck = 0900;
				ORGANIZATIONNAME = "Namics AG";
				TargetAttributes = {
					2164DEB91F98FB290081CFDD = {
						CreatedOnToolsVersion = 9.0;
						ProvisioningStyle = Automatic;
					};
					2164DEC21F98FB290081CFDD = {
						CreatedOnToolsVersion = 9.0;
						ProvisioningStyle = Automatic;
					};
					21A112AE1FA22FBA00C1CD83 = {
						CreatedOnToolsVersion = 9.0;
						ProvisioningStyle = Automatic;
					};
					21A112C21FA2322C00C1CD83 = {
						CreatedOnToolsVersion = 9.0;
						ProvisioningStyle = Automatic;
					};
					21D32F6A1FA1C03700479607 = {
						CreatedOnToolsVersion = 9.0;
						ProvisioningStyle = Automatic;
					};
				};
			};
			buildConfigurationList = 2164DEB41F98FB290081CFDD /* Build configuration list for PBXProject "NMXCore" */;
			compatibilityVersion = "Xcode 8.0";
			developmentRegion = en;
			hasScannedForEncodings = 0;
			knownRegions = (
				en,
				de,
				"en-ER",
				"en-GB",
				"es-MX",
				fr,
				Base,
			);
			mainGroup = 2164DEB01F98FB290081CFDD;
			productRefGroup = 2164DEBB1F98FB290081CFDD /* Products */;
			projectDirPath = "";
			projectRoot = "";
			targets = (
				2164DEB91F98FB290081CFDD /* NMXCore */,
				2164DEC21F98FB290081CFDD /* NMXCoreTests */,
				21A112AE1FA22FBA00C1CD83 /* NMXCoreStatic */,
				21A112C21FA2322C00C1CD83 /* NMXCoreTestsStatic */,
				21D32F6A1FA1C03700479607 /* Demo */,
			);
		};
/* End PBXProject section */

/* Begin PBXResourcesBuildPhase section */
		2164DEB81F98FB290081CFDD /* Resources */ = {
			isa = PBXResourcesBuildPhase;
			buildActionMask = 2147483647;
			files = (
			);
			runOnlyForDeploymentPostprocessing = 0;
		};
		2164DEC11F98FB290081CFDD /* Resources */ = {
			isa = PBXResourcesBuildPhase;
			buildActionMask = 2147483647;
			files = (
				2164DF351F98FCFF0081CFDD /* NoPathExtension in Resources */,
				2164DF371F98FD060081CFDD /* image.PNG.json in Resources */,
				2164DF411F98FD130081CFDD /* default_en.plist in Resources */,
				2164DF3D1F98FD130081CFDD /* default-2_en.plist in Resources */,
				2164DF3F1F98FD130081CFDD /* default_de.plist in Resources */,
				2164DF3A1F98FD0E0081CFDD /* File.strings in Resources */,
				2164DF3C1F98FD130081CFDD /* default-2_en-GB.plist in Resources */,
				2164DF3B1F98FD130081CFDD /* default-2_de.plist in Resources */,
				2164DF361F98FD060081CFDD /* empty.json in Resources */,
				2164DF381F98FD060081CFDD /* trackings_valid_1.json in Resources */,
				2164DF391F98FD060081CFDD /* trackings_valid_2.json in Resources */,
				2164DF401F98FD130081CFDD /* default_en-GB.plist in Resources */,
				2164DF3E1F98FD130081CFDD /* default-2_fr.plist in Resources */,
			);
			runOnlyForDeploymentPostprocessing = 0;
		};
		21A112C11FA2322C00C1CD83 /* Resources */ = {
			isa = PBXResourcesBuildPhase;
			buildActionMask = 2147483647;
			files = (
				21A112EB1FA2326A00C1CD83 /* default-2_fr.plist in Resources */,
				21A112EC1FA2326A00C1CD83 /* default_de.plist in Resources */,
				21A112DD1FA2325D00C1CD83 /* NoPathExtension in Resources */,
				21A112ED1FA2326A00C1CD83 /* default_en-GB.plist in Resources */,
				21A112E31FA2325D00C1CD83 /* image.PNG.json in Resources */,
				21A112EE1FA2326A00C1CD83 /* default_en.plist in Resources */,
				21A112EA1FA2326A00C1CD83 /* default-2_en.plist in Resources */,
				21A112E91FA2326A00C1CD83 /* default-2_en-GB.plist in Resources */,
				21A112E21FA2325D00C1CD83 /* empty.json in Resources */,
				21A112E41FA2325D00C1CD83 /* trackings_valid_1.json in Resources */,
				21A112EF1FA2326F00C1CD83 /* File.strings in Resources */,
				21A112E81FA2326A00C1CD83 /* default-2_de.plist in Resources */,
				21A112E51FA2325D00C1CD83 /* trackings_valid_2.json in Resources */,
			);
			runOnlyForDeploymentPostprocessing = 0;
		};
		21D32F691FA1C03700479607 /* Resources */ = {
			isa = PBXResourcesBuildPhase;
			buildActionMask = 2147483647;
			files = (
				21D32F7A1FA1C03700479607 /* LaunchScreen.storyboard in Resources */,
				21D32F771FA1C03700479607 /* Assets.xcassets in Resources */,
				21D32F751FA1C03700479607 /* Main.storyboard in Resources */,
			);
			runOnlyForDeploymentPostprocessing = 0;
		};
/* End PBXResourcesBuildPhase section */

/* Begin PBXSourcesBuildPhase section */
		2164DEB51F98FB290081CFDD /* Sources */ = {
			isa = PBXSourcesBuildPhase;
			buildActionMask = 2147483647;
			files = (
				21D32F9F1FA1CAA000479607 /* NMXNSBundleFileHandling.m in Sources */,
				21D32FA41FA1CAA000479607 /* NSDictionary+NMX.m in Sources */,
				21D32FA81FA1CAA000479607 /* NSString+NMX.m in Sources */,
				21D32FA61FA1CAA000479607 /* NSNumber+NMX.m in Sources */,
				21D32FB31FA1E81200479607 /* NMXLogging.m in Sources */,
				21D32FAA1FA1CAA000479607 /* NMXLocalizationHandler.m in Sources */,
				21D32FA21FA1CAA000479607 /* NSDate+NMX.m in Sources */,
			);
			runOnlyForDeploymentPostprocessing = 0;
		};
		2164DEBF1F98FB290081CFDD /* Sources */ = {
			isa = PBXSourcesBuildPhase;
			buildActionMask = 2147483647;
			files = (
				2164DF281F98FBC60081CFDD /* NSBundle+NMXTest.m in Sources */,
				2164DF2E1F98FBC60081CFDD /* NMXLoggingTest.m in Sources */,
				2164DF2D1F98FBC60081CFDD /* NMXBundleFileHandlingTest.m in Sources */,
				2164DF331F98FBC60081CFDD /* NMXLocalizationHandlerIntegrationTest.m in Sources */,
				2164DF321F98FBC60081CFDD /* NMXStringTest.m in Sources */,
				2164DF2B1F98FBC60081CFDD /* NSNumber+NMXTest.m in Sources */,
				2164DF271F98FBC60081CFDD /* NMXTestDataSource.m in Sources */,
				2164DF301F98FBC60081CFDD /* NMXDictionaryTest.m in Sources */,
				2164DF311F98FBC60081CFDD /* NMXNumberTest.m in Sources */,
				2164DF2F1F98FBC60081CFDD /* NMXDateTest.m in Sources */,
				2164DF2C1F98FBC60081CFDD /* NSString+NMXTest.m in Sources */,
				2164DF341F98FBC60081CFDD /* NMXLocalizationHandlerTest.m in Sources */,
				2164DF291F98FBC60081CFDD /* NSDate+NMXTest.m in Sources */,
				2164DF2A1F98FBC60081CFDD /* NSDictionary+NMXTest.m in Sources */,
			);
			runOnlyForDeploymentPostprocessing = 0;
		};
		21A112AB1FA22FBA00C1CD83 /* Sources */ = {
			isa = PBXSourcesBuildPhase;
			buildActionMask = 2147483647;
			files = (
				21A112BA1FA2314F00C1CD83 /* NSDate+NMX.m in Sources */,
				21A112B81FA2314F00C1CD83 /* NMXLogging.m in Sources */,
				21A112BC1FA2314F00C1CD83 /* NSNumber+NMX.m in Sources */,
				21A112BB1FA2314F00C1CD83 /* NSDictionary+NMX.m in Sources */,
				21A112BE1FA2314F00C1CD83 /* NMXLocalizationHandler.m in Sources */,
				21A112B91FA2314F00C1CD83 /* NMXNSBundleFileHandling.m in Sources */,
				21A112BD1FA2314F00C1CD83 /* NSString+NMX.m in Sources */,
			);
			runOnlyForDeploymentPostprocessing = 0;
		};
		21A112BF1FA2322C00C1CD83 /* Sources */ = {
			isa = PBXSourcesBuildPhase;
			buildActionMask = 2147483647;
			files = (
				21A112D61FA2325300C1CD83 /* NSBundle+NMXTest.m in Sources */,
				21A112D91FA2325300C1CD83 /* NSNumber+NMXTest.m in Sources */,
				21A112D01FA2324200C1CD83 /* NSDate+NMX.m in Sources */,
				21A112DB1FA2325D00C1CD83 /* NMXBundleFileHandlingTest.m in Sources */,
				21A112D51FA2325300C1CD83 /* NMXTestDataSource.m in Sources */,
				21A112E01FA2325D00C1CD83 /* NMXNumberTest.m in Sources */,
				21A112DC1FA2325D00C1CD83 /* NMXLoggingTest.m in Sources */,
				21A112C61FA2322C00C1CD83 /* NMXCoreTestsStatic.m in Sources */,
				21A112DA1FA2325300C1CD83 /* NSString+NMXTest.m in Sources */,
				21A112CE1FA2324200C1CD83 /* NMXLogging.m in Sources */,
				21A112D21FA2324200C1CD83 /* NSNumber+NMX.m in Sources */,
				21A112D81FA2325300C1CD83 /* NSDictionary+NMXTest.m in Sources */,
				21A112E11FA2325D00C1CD83 /* NMXStringTest.m in Sources */,
				21A112D11FA2324200C1CD83 /* NSDictionary+NMX.m in Sources */,
				21A112D41FA2324200C1CD83 /* NMXLocalizationHandler.m in Sources */,
				21A112E71FA2326A00C1CD83 /* NMXLocalizationHandlerTest.m in Sources */,
				21A112DF1FA2325D00C1CD83 /* NMXDictionaryTest.m in Sources */,
				21A112CF1FA2324200C1CD83 /* NMXNSBundleFileHandling.m in Sources */,
				21A112DE1FA2325D00C1CD83 /* NMXDateTest.m in Sources */,
				21A112D71FA2325300C1CD83 /* NSDate+NMXTest.m in Sources */,
				21A112D31FA2324200C1CD83 /* NSString+NMX.m in Sources */,
				21A112E61FA2326A00C1CD83 /* NMXLocalizationHandlerIntegrationTest.m in Sources */,
			);
			runOnlyForDeploymentPostprocessing = 0;
		};
		21D32F671FA1C03700479607 /* Sources */ = {
			isa = PBXSourcesBuildPhase;
			buildActionMask = 2147483647;
			files = (
				21D32F721FA1C03700479607 /* ViewController.m in Sources */,
				21D32F7D1FA1C03700479607 /* main.m in Sources */,
				21D32F6F1FA1C03700479607 /* AppDelegate.m in Sources */,
			);
			runOnlyForDeploymentPostprocessing = 0;
		};
/* End PBXSourcesBuildPhase section */

/* Begin PBXTargetDependency section */
		21A112801FA2109500C1CD83 /* PBXTargetDependency */ = {
			isa = PBXTargetDependency;
			target = 2164DEB91F98FB290081CFDD /* NMXCore */;
			targetProxy = 21A1127F1FA2109500C1CD83 /* PBXContainerItemProxy */;
		};
		21A112CA1FA2322C00C1CD83 /* PBXTargetDependency */ = {
			isa = PBXTargetDependency;
			target = 21A112AE1FA22FBA00C1CD83 /* NMXCoreStatic */;
			targetProxy = 21A112C91FA2322C00C1CD83 /* PBXContainerItemProxy */;
		};
		21D32FAF1FA1CE2100479607 /* PBXTargetDependency */ = {
			isa = PBXTargetDependency;
			target = 2164DEB91F98FB290081CFDD /* NMXCore */;
			targetProxy = 21D32FAE1FA1CE2100479607 /* PBXContainerItemProxy */;
		};
/* End PBXTargetDependency section */

/* Begin PBXVariantGroup section */
		2164DF071F98FB980081CFDD /* File.strings */ = {
			isa = PBXVariantGroup;
			children = (
				2164DF081F98FB980081CFDD /* de */,
				2164DF091F98FB980081CFDD /* en-ER */,
				2164DF0A1F98FB980081CFDD /* en-GB */,
				2164DF0B1F98FB980081CFDD /* en */,
				2164DF0C1F98FB980081CFDD /* es-MX */,
				2164DF0D1F98FB980081CFDD /* fr */,
			);
			name = File.strings;
			sourceTree = "<group>";
		};
		21D32F731FA1C03700479607 /* Main.storyboard */ = {
			isa = PBXVariantGroup;
			children = (
				21D32F741FA1C03700479607 /* Base */,
			);
			name = Main.storyboard;
			sourceTree = "<group>";
		};
		21D32F781FA1C03700479607 /* LaunchScreen.storyboard */ = {
			isa = PBXVariantGroup;
			children = (
				21D32F791FA1C03700479607 /* Base */,
			);
			name = LaunchScreen.storyboard;
			sourceTree = "<group>";
		};
/* End PBXVariantGroup section */

/* Begin XCBuildConfiguration section */
		2164DECC1F98FB290081CFDD /* Debug */ = {
			isa = XCBuildConfiguration;
			buildSettings = {
				ALWAYS_SEARCH_USER_PATHS = NO;
				CLANG_ANALYZER_NONNULL = YES;
				CLANG_ANALYZER_NUMBER_OBJECT_CONVERSION = YES_AGGRESSIVE;
				CLANG_CXX_LANGUAGE_STANDARD = "gnu++14";
				CLANG_CXX_LIBRARY = "libc++";
				CLANG_ENABLE_MODULES = YES;
				CLANG_ENABLE_OBJC_ARC = YES;
				CLANG_WARN_BLOCK_CAPTURE_AUTORELEASING = YES;
				CLANG_WARN_BOOL_CONVERSION = YES;
				CLANG_WARN_COMMA = YES;
				CLANG_WARN_CONSTANT_CONVERSION = YES;
				CLANG_WARN_DIRECT_OBJC_ISA_USAGE = YES_ERROR;
				CLANG_WARN_DOCUMENTATION_COMMENTS = YES;
				CLANG_WARN_EMPTY_BODY = YES;
				CLANG_WARN_ENUM_CONVERSION = YES;
				CLANG_WARN_INFINITE_RECURSION = YES;
				CLANG_WARN_INT_CONVERSION = YES;
				CLANG_WARN_NON_LITERAL_NULL_CONVERSION = YES;
				CLANG_WARN_OBJC_LITERAL_CONVERSION = YES;
				CLANG_WARN_OBJC_ROOT_CLASS = YES_ERROR;
				CLANG_WARN_RANGE_LOOP_ANALYSIS = YES;
				CLANG_WARN_STRICT_PROTOTYPES = YES;
				CLANG_WARN_SUSPICIOUS_MOVE = YES;
				CLANG_WARN_UNGUARDED_AVAILABILITY = YES_AGGRESSIVE;
				CLANG_WARN_UNREACHABLE_CODE = YES;
				CLANG_WARN__DUPLICATE_METHOD_MATCH = YES;
				CODE_SIGN_IDENTITY = "iPhone Developer";
				COPY_PHASE_STRIP = NO;
				CURRENT_PROJECT_VERSION = 1;
				DEBUG_INFORMATION_FORMAT = dwarf;
				ENABLE_STRICT_OBJC_MSGSEND = YES;
				ENABLE_TESTABILITY = YES;
				GCC_C_LANGUAGE_STANDARD = gnu11;
				GCC_DYNAMIC_NO_PIC = NO;
				GCC_NO_COMMON_BLOCKS = YES;
				GCC_OPTIMIZATION_LEVEL = 0;
				GCC_PREPROCESSOR_DEFINITIONS = (
					"DEBUG=1",
					"$(inherited)",
				);
				GCC_WARN_64_TO_32_BIT_CONVERSION = YES;
				GCC_WARN_ABOUT_RETURN_TYPE = YES_ERROR;
				GCC_WARN_UNDECLARED_SELECTOR = YES;
				GCC_WARN_UNINITIALIZED_AUTOS = YES_AGGRESSIVE;
				GCC_WARN_UNUSED_FUNCTION = YES;
				GCC_WARN_UNUSED_VARIABLE = YES;
				IPHONEOS_DEPLOYMENT_TARGET = 11.0;
				MTL_ENABLE_DEBUG_INFO = YES;
				ONLY_ACTIVE_ARCH = YES;
				SDKROOT = iphoneos;
				VERSIONING_SYSTEM = "apple-generic";
				VERSION_INFO_PREFIX = "";
			};
			name = Debug;
		};
		2164DECD1F98FB290081CFDD /* Release */ = {
			isa = XCBuildConfiguration;
			buildSettings = {
				ALWAYS_SEARCH_USER_PATHS = NO;
				CLANG_ANALYZER_NONNULL = YES;
				CLANG_ANALYZER_NUMBER_OBJECT_CONVERSION = YES_AGGRESSIVE;
				CLANG_CXX_LANGUAGE_STANDARD = "gnu++14";
				CLANG_CXX_LIBRARY = "libc++";
				CLANG_ENABLE_MODULES = YES;
				CLANG_ENABLE_OBJC_ARC = YES;
				CLANG_WARN_BLOCK_CAPTURE_AUTORELEASING = YES;
				CLANG_WARN_BOOL_CONVERSION = YES;
				CLANG_WARN_COMMA = YES;
				CLANG_WARN_CONSTANT_CONVERSION = YES;
				CLANG_WARN_DIRECT_OBJC_ISA_USAGE = YES_ERROR;
				CLANG_WARN_DOCUMENTATION_COMMENTS = YES;
				CLANG_WARN_EMPTY_BODY = YES;
				CLANG_WARN_ENUM_CONVERSION = YES;
				CLANG_WARN_INFINITE_RECURSION = YES;
				CLANG_WARN_INT_CONVERSION = YES;
				CLANG_WARN_NON_LITERAL_NULL_CONVERSION = YES;
				CLANG_WARN_OBJC_LITERAL_CONVERSION = YES;
				CLANG_WARN_OBJC_ROOT_CLASS = YES_ERROR;
				CLANG_WARN_RANGE_LOOP_ANALYSIS = YES;
				CLANG_WARN_STRICT_PROTOTYPES = YES;
				CLANG_WARN_SUSPICIOUS_MOVE = YES;
				CLANG_WARN_UNGUARDED_AVAILABILITY = YES_AGGRESSIVE;
				CLANG_WARN_UNREACHABLE_CODE = YES;
				CLANG_WARN__DUPLICATE_METHOD_MATCH = YES;
				CODE_SIGN_IDENTITY = "iPhone Developer";
				COPY_PHASE_STRIP = NO;
				CURRENT_PROJECT_VERSION = 1;
				DEBUG_INFORMATION_FORMAT = "dwarf-with-dsym";
				ENABLE_NS_ASSERTIONS = NO;
				ENABLE_STRICT_OBJC_MSGSEND = YES;
				GCC_C_LANGUAGE_STANDARD = gnu11;
				GCC_NO_COMMON_BLOCKS = YES;
				GCC_WARN_64_TO_32_BIT_CONVERSION = YES;
				GCC_WARN_ABOUT_RETURN_TYPE = YES_ERROR;
				GCC_WARN_UNDECLARED_SELECTOR = YES;
				GCC_WARN_UNINITIALIZED_AUTOS = YES_AGGRESSIVE;
				GCC_WARN_UNUSED_FUNCTION = YES;
				GCC_WARN_UNUSED_VARIABLE = YES;
				IPHONEOS_DEPLOYMENT_TARGET = 11.0;
				MTL_ENABLE_DEBUG_INFO = NO;
				SDKROOT = iphoneos;
				VALIDATE_PRODUCT = YES;
				VERSIONING_SYSTEM = "apple-generic";
				VERSION_INFO_PREFIX = "";
			};
			name = Release;
		};
		2164DECF1F98FB290081CFDD /* Debug */ = {
			isa = XCBuildConfiguration;
			buildSettings = {
				APPLICATION_EXTENSION_API_ONLY = NO;
				CLANG_ALLOW_NON_MODULAR_INCLUDES_IN_FRAMEWORK_MODULES = YES;
				CODE_SIGN_IDENTITY = "";
				CODE_SIGN_STYLE = Automatic;
				DEFINES_MODULE = YES;
				DEVELOPMENT_TEAM = B2L5F7GSL7;
				DYLIB_COMPATIBILITY_VERSION = 1;
				DYLIB_CURRENT_VERSION = 1;
				DYLIB_INSTALL_NAME_BASE = "@rpath";
				INFOPLIST_FILE = NMXCore/Info.plist;
				INSTALL_PATH = "$(LOCAL_LIBRARY_DIR)/Frameworks";
				LD_RUNPATH_SEARCH_PATHS = "$(inherited) @executable_path/Frameworks @loader_path/Frameworks";
				PRODUCT_BUNDLE_IDENTIFIER = com.namics.NMXCore;
				PRODUCT_NAME = "$(TARGET_NAME:c99extidentifier)";
				SKIP_INSTALL = NO;
				TARGETED_DEVICE_FAMILY = "1,2";
			};
			name = Debug;
		};
		2164DED01F98FB290081CFDD /* Release */ = {
			isa = XCBuildConfiguration;
			buildSettings = {
				APPLICATION_EXTENSION_API_ONLY = NO;
				CLANG_ALLOW_NON_MODULAR_INCLUDES_IN_FRAMEWORK_MODULES = YES;
				CODE_SIGN_IDENTITY = "";
				CODE_SIGN_STYLE = Automatic;
				DEFINES_MODULE = YES;
				DEVELOPMENT_TEAM = B2L5F7GSL7;
				DYLIB_COMPATIBILITY_VERSION = 1;
				DYLIB_CURRENT_VERSION = 1;
				DYLIB_INSTALL_NAME_BASE = "@rpath";
				GCC_PREPROCESSOR_DEFINITIONS = "RELEASE=1";
				INFOPLIST_FILE = NMXCore/Info.plist;
				INSTALL_PATH = "$(LOCAL_LIBRARY_DIR)/Frameworks";
				LD_RUNPATH_SEARCH_PATHS = "$(inherited) @executable_path/Frameworks @loader_path/Frameworks";
				PRODUCT_BUNDLE_IDENTIFIER = com.namics.NMXCore;
				PRODUCT_NAME = "$(TARGET_NAME:c99extidentifier)";
				SKIP_INSTALL = NO;
				TARGETED_DEVICE_FAMILY = "1,2";
			};
			name = Release;
		};
		2164DED21F98FB290081CFDD /* Debug */ = {
			isa = XCBuildConfiguration;
			buildSettings = {
				CLANG_ALLOW_NON_MODULAR_INCLUDES_IN_FRAMEWORK_MODULES = YES;
				CODE_SIGN_STYLE = Automatic;
				DEVELOPMENT_TEAM = B2L5F7GSL7;
				FRAMEWORK_SEARCH_PATHS = (
					"$(inherited)",
					"$(PROJECT_DIR)",
				);
				GCC_GENERATE_TEST_COVERAGE_FILES = YES;
				INFOPLIST_FILE = NMXCoreTests/Info.plist;
				LD_RUNPATH_SEARCH_PATHS = "$(inherited) @executable_path/Frameworks @loader_path/Frameworks";
				PRODUCT_BUNDLE_IDENTIFIER = com.namics.NMXCoreTests;
				PRODUCT_NAME = "$(TARGET_NAME)";
				TARGETED_DEVICE_FAMILY = "1,2";
			};
			name = Debug;
		};
		2164DED31F98FB290081CFDD /* Release */ = {
			isa = XCBuildConfiguration;
			buildSettings = {
				CLANG_ALLOW_NON_MODULAR_INCLUDES_IN_FRAMEWORK_MODULES = YES;
				CODE_SIGN_STYLE = Automatic;
				DEVELOPMENT_TEAM = B2L5F7GSL7;
				FRAMEWORK_SEARCH_PATHS = (
					"$(inherited)",
					"$(PROJECT_DIR)",
				);
				GCC_GENERATE_TEST_COVERAGE_FILES = YES;
				INFOPLIST_FILE = NMXCoreTests/Info.plist;
				LD_RUNPATH_SEARCH_PATHS = "$(inherited) @executable_path/Frameworks @loader_path/Frameworks";
				PRODUCT_BUNDLE_IDENTIFIER = com.namics.NMXCoreTests;
				PRODUCT_NAME = "$(TARGET_NAME)";
				TARGETED_DEVICE_FAMILY = "1,2";
			};
			name = Release;
		};
		21A112B51FA22FBA00C1CD83 /* Debug */ = {
			isa = XCBuildConfiguration;
			buildSettings = {
				CLANG_CXX_LANGUAGE_STANDARD = "gnu++0x";
				CLANG_WARN_OBJC_LITERAL_CONVERSION = NO;
				CODE_SIGN_STYLE = Automatic;
				CURRENT_PROJECT_VERSION = "";
				DEVELOPMENT_TEAM = B2L5F7GSL7;
				GCC_C_LANGUAGE_STANDARD = gnu99;
				GCC_PREPROCESSOR_DEFINITIONS = (
					"NMXCoreStatic=1",
					"${inherited}",
				);
				IPHONEOS_DEPLOYMENT_TARGET = 8.0;
				LD_RUNPATH_SEARCH_PATHS = "${inherited} @executable_path/Frameworks @load_path/Frameworks";
				OTHER_LDFLAGS = (
					"-ObjC",
					"-all_load",
				);
				PRODUCT_NAME = "$(TARGET_NAME)";
				SKIP_INSTALL = YES;
				TARGETED_DEVICE_FAMILY = 1;
				VERSIONING_SYSTEM = "";
			};
			name = Debug;
		};
		21A112B61FA22FBA00C1CD83 /* Release */ = {
			isa = XCBuildConfiguration;
			buildSettings = {
				CLANG_CXX_LANGUAGE_STANDARD = "gnu++0x";
				CLANG_WARN_OBJC_LITERAL_CONVERSION = NO;
				CODE_SIGN_STYLE = Automatic;
				CURRENT_PROJECT_VERSION = "";
				DEVELOPMENT_TEAM = B2L5F7GSL7;
				GCC_C_LANGUAGE_STANDARD = gnu99;
				GCC_PREPROCESSOR_DEFINITIONS = (
					"NMXCoreStatic=1",
					"${inherited}",
					"RELEASE=1",
				);
				IPHONEOS_DEPLOYMENT_TARGET = 8.0;
				LD_RUNPATH_SEARCH_PATHS = "${inherited} @executable_path/Frameworks @load_path/Frameworks";
				OTHER_LDFLAGS = (
					"-ObjC",
					"-all_load",
				);
				PRODUCT_NAME = "$(TARGET_NAME)";
				SKIP_INSTALL = YES;
				TARGETED_DEVICE_FAMILY = 1;
				VERSIONING_SYSTEM = "";
			};
			name = Release;
		};
		21A112CC1FA2322C00C1CD83 /* Debug */ = {
			isa = XCBuildConfiguration;
			buildSettings = {
				CODE_SIGN_STYLE = Automatic;
				DEVELOPMENT_TEAM = B2L5F7GSL7;
				INFOPLIST_FILE = NMXCoreTestsStatic/Info.plist;
				LD_RUNPATH_SEARCH_PATHS = "$(inherited) @executable_path/Frameworks @loader_path/Frameworks";
				PRODUCT_BUNDLE_IDENTIFIER = com.namics.NMXCoreTestsStatic;
				PRODUCT_NAME = "$(TARGET_NAME)";
				TARGETED_DEVICE_FAMILY = "1,2";
			};
			name = Debug;
		};
		21A112CD1FA2322C00C1CD83 /* Release */ = {
			isa = XCBuildConfiguration;
			buildSettings = {
				CODE_SIGN_STYLE = Automatic;
				DEVELOPMENT_TEAM = B2L5F7GSL7;
				INFOPLIST_FILE = NMXCoreTestsStatic/Info.plist;
				LD_RUNPATH_SEARCH_PATHS = "$(inherited) @executable_path/Frameworks @loader_path/Frameworks";
				PRODUCT_BUNDLE_IDENTIFIER = com.namics.NMXCoreTestsStatic;
				PRODUCT_NAME = "$(TARGET_NAME)";
				TARGETED_DEVICE_FAMILY = "1,2";
			};
			name = Release;
		};
		21D32F7F1FA1C03700479607 /* Debug */ = {
			isa = XCBuildConfiguration;
			buildSettings = {
				ASSETCATALOG_COMPILER_APPICON_NAME = AppIcon;
				CODE_SIGN_STYLE = Automatic;
				DEVELOPMENT_TEAM = B2L5F7GSL7;
				FRAMEWORK_SEARCH_PATHS = (
					"$(inherited)",
					"$(PROJECT_DIR)",
				);
				INFOPLIST_FILE = Demo/Info.plist;
				LD_RUNPATH_SEARCH_PATHS = "$(inherited) @executable_path/Frameworks";
				PRODUCT_BUNDLE_IDENTIFIER = com.namics.Demo;
				PRODUCT_NAME = "$(TARGET_NAME)";
				TARGETED_DEVICE_FAMILY = "1,2";
			};
			name = Debug;
		};
		21D32F801FA1C03700479607 /* Release */ = {
			isa = XCBuildConfiguration;
			buildSettings = {
				ASSETCATALOG_COMPILER_APPICON_NAME = AppIcon;
				CODE_SIGN_STYLE = Automatic;
				DEVELOPMENT_TEAM = B2L5F7GSL7;
				FRAMEWORK_SEARCH_PATHS = (
					"$(inherited)",
					"$(PROJECT_DIR)",
				);
				INFOPLIST_FILE = Demo/Info.plist;
				LD_RUNPATH_SEARCH_PATHS = "$(inherited) @executable_path/Frameworks";
				PRODUCT_BUNDLE_IDENTIFIER = com.namics.Demo;
				PRODUCT_NAME = "$(TARGET_NAME)";
				TARGETED_DEVICE_FAMILY = "1,2";
			};
			name = Release;
		};
/* End XCBuildConfiguration section */

/* Begin XCConfigurationList section */
		2164DEB41F98FB290081CFDD /* Build configuration list for PBXProject "NMXCore" */ = {
			isa = XCConfigurationList;
			buildConfigurations = (
				2164DECC1F98FB290081CFDD /* Debug */,
				2164DECD1F98FB290081CFDD /* Release */,
			);
			defaultConfigurationIsVisible = 0;
			defaultConfigurationName = Release;
		};
		2164DECE1F98FB290081CFDD /* Build configuration list for PBXNativeTarget "NMXCore" */ = {
			isa = XCConfigurationList;
			buildConfigurations = (
				2164DECF1F98FB290081CFDD /* Debug */,
				2164DED01F98FB290081CFDD /* Release */,
			);
			defaultConfigurationIsVisible = 0;
			defaultConfigurationName = Release;
		};
		2164DED11F98FB290081CFDD /* Build configuration list for PBXNativeTarget "NMXCoreTests" */ = {
			isa = XCConfigurationList;
			buildConfigurations = (
				2164DED21F98FB290081CFDD /* Debug */,
				2164DED31F98FB290081CFDD /* Release */,
			);
			defaultConfigurationIsVisible = 0;
			defaultConfigurationName = Release;
		};
		21A112B71FA22FBA00C1CD83 /* Build configuration list for PBXNativeTarget "NMXCoreStatic" */ = {
			isa = XCConfigurationList;
			buildConfigurations = (
				21A112B51FA22FBA00C1CD83 /* Debug */,
				21A112B61FA22FBA00C1CD83 /* Release */,
			);
			defaultConfigurationIsVisible = 0;
			defaultConfigurationName = Release;
		};
		21A112CB1FA2322C00C1CD83 /* Build configuration list for PBXNativeTarget "NMXCoreTestsStatic" */ = {
			isa = XCConfigurationList;
			buildConfigurations = (
				21A112CC1FA2322C00C1CD83 /* Debug */,
				21A112CD1FA2322C00C1CD83 /* Release */,
			);
			defaultConfigurationIsVisible = 0;
			defaultConfigurationName = Release;
		};
		21D32F7E1FA1C03700479607 /* Build configuration list for PBXNativeTarget "Demo" */ = {
			isa = XCConfigurationList;
			buildConfigurations = (
				21D32F7F1FA1C03700479607 /* Debug */,
				21D32F801FA1C03700479607 /* Release */,
			);
			defaultConfigurationIsVisible = 0;
			defaultConfigurationName = Release;
		};
/* End XCConfigurationList section */
	};
	rootObject = 2164DEB11F98FB290081CFDD /* Project object */;
}
