// !$*UTF8*$!
{
	archiveVersion = 1;
	classes = {
	};
	objectVersion = 48;
	objects = {

/* Begin PBXBuildFile section */
		219D2B5D1F950C3700B6B16A /* AppDelegate.swift in Sources */ = {isa = PBXBuildFile; fileRef = 219D2B5C1F950C3700B6B16A /* AppDelegate.swift */; };
		219D2B5F1F950C3700B6B16A /* ViewController.swift in Sources */ = {isa = PBXBuildFile; fileRef = 219D2B5E1F950C3700B6B16A /* ViewController.swift */; };
		219D2B621F950C3700B6B16A /* Main.storyboard in Resources */ = {isa = PBXBuildFile; fileRef = 219D2B601F950C3700B6B16A /* Main.storyboard */; };
		219D2B641F950C3700B6B16A /* Assets.xcassets in Resources */ = {isa = PBXBuildFile; fileRef = 219D2B631F950C3700B6B16A /* Assets.xcassets */; };
		219D2B671F950C3700B6B16A /* LaunchScreen.storyboard in Resources */ = {isa = PBXBuildFile; fileRef = 219D2B651F950C3700B6B16A /* LaunchScreen.storyboard */; };
		21C0DC801F9642DD002E8871 /* NMXCore.swift in Sources */ = {isa = PBXBuildFile; fileRef = 21C0DC7F1F9642DD002E8871 /* NMXCore.swift */; };
		9FDA017CA3652FAC16DBF601 /* Pods_ios_objc_foundation_nmxcore_Swift_Example.framework in Frameworks */ = {isa = PBXBuildFile; fileRef = F492A682E25DCBE9DFE4FC6D /* Pods_ios_objc_foundation_nmxcore_Swift_Example.framework */; };
/* End PBXBuildFile section */

/* Begin PBXFileReference section */
		219D2B591F950C3700B6B16A /* ios-objc-foundation-nmxcore Swift Example.app */ = {isa = PBXFileReference; explicitFileType = wrapper.application; includeInIndex = 0; path = "ios-objc-foundation-nmxcore Swift Example.app"; sourceTree = BUILT_PRODUCTS_DIR; };
		219D2B5C1F950C3700B6B16A /* AppDelegate.swift */ = {isa = PBXFileReference; lastKnownFileType = sourcecode.swift; path = AppDelegate.swift; sourceTree = "<group>"; };
		219D2B5E1F950C3700B6B16A /* ViewController.swift */ = {isa = PBXFileReference; lastKnownFileType = sourcecode.swift; path = ViewController.swift; sourceTree = "<group>"; };
		219D2B611F950C3700B6B16A /* Base */ = {isa = PBXFileReference; lastKnownFileType = file.storyboard; name = Base; path = Base.lproj/Main.storyboard; sourceTree = "<group>"; };
		219D2B631F950C3700B6B16A /* Assets.xcassets */ = {isa = PBXFileReference; lastKnownFileType = folder.assetcatalog; path = Assets.xcassets; sourceTree = "<group>"; };
		219D2B661F950C3700B6B16A /* Base */ = {isa = PBXFileReference; lastKnownFileType = file.storyboard; name = Base; path = Base.lproj/LaunchScreen.storyboard; sourceTree = "<group>"; };
		219D2B681F950C3700B6B16A /* Info.plist */ = {isa = PBXFileReference; lastKnownFileType = text.plist.xml; path = Info.plist; sourceTree = "<group>"; };
		21C0DC771F95EA6C002E8871 /* ios-objc-foundation-nmxcore_Swift_Example-Bridging-Header.h */ = {isa = PBXFileReference; lastKnownFileType = sourcecode.c.h; path = "ios-objc-foundation-nmxcore_Swift_Example-Bridging-Header.h"; sourceTree = "<group>"; };
		21C0DC7F1F9642DD002E8871 /* NMXCore.swift */ = {isa = PBXFileReference; lastKnownFileType = sourcecode.swift; name = NMXCore.swift; path = ../../NMXCore.swift; sourceTree = "<group>"; };
		4767C4F633C18982DE23C9F2 /* Pods-ios-objc-foundation-nmxcore Swift Example.debug.xcconfig */ = {isa = PBXFileReference; includeInIndex = 1; lastKnownFileType = text.xcconfig; name = "Pods-ios-objc-foundation-nmxcore Swift Example.debug.xcconfig"; path = "Pods/Target Support Files/Pods-ios-objc-foundation-nmxcore Swift Example/Pods-ios-objc-foundation-nmxcore Swift Example.debug.xcconfig"; sourceTree = "<group>"; };
		ECA07C8BBCDB1B176A3944D7 /* Pods-ios-objc-foundation-nmxcore Swift Example.release.xcconfig */ = {isa = PBXFileReference; includeInIndex = 1; lastKnownFileType = text.xcconfig; name = "Pods-ios-objc-foundation-nmxcore Swift Example.release.xcconfig"; path = "Pods/Target Support Files/Pods-ios-objc-foundation-nmxcore Swift Example/Pods-ios-objc-foundation-nmxcore Swift Example.release.xcconfig"; sourceTree = "<group>"; };
		F492A682E25DCBE9DFE4FC6D /* Pods_ios_objc_foundation_nmxcore_Swift_Example.framework */ = {isa = PBXFileReference; explicitFileType = wrapper.framework; includeInIndex = 0; path = Pods_ios_objc_foundation_nmxcore_Swift_Example.framework; sourceTree = BUILT_PRODUCTS_DIR; };
/* End PBXFileReference section */

/* Begin PBXFrameworksBuildPhase section */
		219D2B561F950C3700B6B16A /* Frameworks */ = {
			isa = PBXFrameworksBuildPhase;
			buildActionMask = 2147483647;
			files = (
				9FDA017CA3652FAC16DBF601 /* Pods_ios_objc_foundation_nmxcore_Swift_Example.framework in Frameworks */,
			);
			runOnlyForDeploymentPostprocessing = 0;
		};
/* End PBXFrameworksBuildPhase section */

/* Begin PBXGroup section */
		219D2B501F950C3700B6B16A = {
			isa = PBXGroup;
			children = (
				219D2B5B1F950C3700B6B16A /* ios-objc-foundation-nmxcore Swift Example */,
				219D2B5A1F950C3700B6B16A /* Products */,
				F4B12B533A7966D7A07A21F8 /* Pods */,
				670065835032A4FEE52915A4 /* Frameworks */,
			);
			sourceTree = "<group>";
		};
		219D2B5A1F950C3700B6B16A /* Products */ = {
			isa = PBXGroup;
			children = (
				219D2B591F950C3700B6B16A /* ios-objc-foundation-nmxcore Swift Example.app */,
			);
			name = Products;
			sourceTree = "<group>";
		};
		219D2B5B1F950C3700B6B16A /* ios-objc-foundation-nmxcore Swift Example */ = {
			isa = PBXGroup;
			children = (
				21C0DC7F1F9642DD002E8871 /* NMXCore.swift */,
				219D2B5C1F950C3700B6B16A /* AppDelegate.swift */,
				219D2B5E1F950C3700B6B16A /* ViewController.swift */,
				219D2B601F950C3700B6B16A /* Main.storyboard */,
				219D2B631F950C3700B6B16A /* Assets.xcassets */,
				219D2B651F950C3700B6B16A /* LaunchScreen.storyboard */,
				219D2B681F950C3700B6B16A /* Info.plist */,
				21C0DC771F95EA6C002E8871 /* ios-objc-foundation-nmxcore_Swift_Example-Bridging-Header.h */,
			);
			path = "ios-objc-foundation-nmxcore Swift Example";
			sourceTree = "<group>";
		};
		670065835032A4FEE52915A4 /* Frameworks */ = {
			isa = PBXGroup;
			children = (
				F492A682E25DCBE9DFE4FC6D /* Pods_ios_objc_foundation_nmxcore_Swift_Example.framework */,
			);
			name = Frameworks;
			sourceTree = "<group>";
		};
		F4B12B533A7966D7A07A21F8 /* Pods */ = {
			isa = PBXGroup;
			children = (
				4767C4F633C18982DE23C9F2 /* Pods-ios-objc-foundation-nmxcore Swift Example.debug.xcconfig */,
				ECA07C8BBCDB1B176A3944D7 /* Pods-ios-objc-foundation-nmxcore Swift Example.release.xcconfig */,
			);
			name = Pods;
			sourceTree = "<group>";
		};
/* End PBXGroup section */

/* Begin PBXNativeTarget section */
		219D2B581F950C3700B6B16A /* ios-objc-foundation-nmxcore Swift Example */ = {
			isa = PBXNativeTarget;
			buildConfigurationList = 219D2B761F950C3700B6B16A /* Build configuration list for PBXNativeTarget "ios-objc-foundation-nmxcore Swift Example" */;
			buildPhases = (
				839D607BD689DA3D92593749 /* [CP] Check Pods Manifest.lock */,
				219D2B551F950C3700B6B16A /* Sources */,
				219D2B561F950C3700B6B16A /* Frameworks */,
				219D2B571F950C3700B6B16A /* Resources */,
				DA3E9E4DA4105CEB074F8C61 /* [CP] Embed Pods Frameworks */,
				8819F43FBB60DF50C17B9730 /* [CP] Copy Pods Resources */,
			);
			buildRules = (
			);
			dependencies = (
			);
			name = "ios-objc-foundation-nmxcore Swift Example";
			productName = "ios-objc-foundation-nmxcore Swift Example";
			productReference = 219D2B591F950C3700B6B16A /* ios-objc-foundation-nmxcore Swift Example.app */;
			productType = "com.apple.product-type.application";
		};
/* End PBXNativeTarget section */

/* Begin PBXProject section */
		219D2B511F950C3700B6B16A /* Project object */ = {
			isa = PBXProject;
			attributes = {
				LastSwiftUpdateCheck = 0900;
				LastUpgradeCheck = 0900;
				ORGANIZATIONNAME = "Tobias Baube";
				TargetAttributes = {
					219D2B581F950C3700B6B16A = {
						CreatedOnToolsVersion = 9.0;
						ProvisioningStyle = Automatic;
					};
				};
			};
			buildConfigurationList = 219D2B541F950C3700B6B16A /* Build configuration list for PBXProject "ios-objc-foundation-nmxcore Swift Example" */;
			compatibilityVersion = "Xcode 8.0";
			developmentRegion = en;
			hasScannedForEncodings = 0;
			knownRegions = (
				en,
				Base,
			);
			mainGroup = 219D2B501F950C3700B6B16A;
			productRefGroup = 219D2B5A1F950C3700B6B16A /* Products */;
			projectDirPath = "";
			projectRoot = "";
			targets = (
				219D2B581F950C3700B6B16A /* ios-objc-foundation-nmxcore Swift Example */,
			);
		};
/* End PBXProject section */

/* Begin PBXResourcesBuildPhase section */
		219D2B571F950C3700B6B16A /* Resources */ = {
			isa = PBXResourcesBuildPhase;
			buildActionMask = 2147483647;
			files = (
				219D2B671F950C3700B6B16A /* LaunchScreen.storyboard in Resources */,
				219D2B641F950C3700B6B16A /* Assets.xcassets in Resources */,
				219D2B621F950C3700B6B16A /* Main.storyboard in Resources */,
			);
			runOnlyForDeploymentPostprocessing = 0;
		};
/* End PBXResourcesBuildPhase section */

/* Begin PBXShellScriptBuildPhase section */
		839D607BD689DA3D92593749 /* [CP] Check Pods Manifest.lock */ = {
			isa = PBXShellScriptBuildPhase;
			buildActionMask = 2147483647;
			files = (
			);
			inputPaths = (
				"${PODS_PODFILE_DIR_PATH}/Podfile.lock",
				"${PODS_ROOT}/Manifest.lock",
			);
			name = "[CP] Check Pods Manifest.lock";
			outputPaths = (
				"$(DERIVED_FILE_DIR)/Pods-ios-objc-foundation-nmxcore Swift Example-checkManifestLockResult.txt",
			);
			runOnlyForDeploymentPostprocessing = 0;
			shellPath = /bin/sh;
			shellScript = "diff \"${PODS_PODFILE_DIR_PATH}/Podfile.lock\" \"${PODS_ROOT}/Manifest.lock\" > /dev/null\nif [ $? != 0 ] ; then\n    # print error to STDERR\n    echo \"error: The sandbox is not in sync with the Podfile.lock. Run 'pod install' or update your CocoaPods installation.\" >&2\n    exit 1\nfi\n# This output is used by Xcode 'outputs' to avoid re-running this script phase.\necho \"SUCCESS\" > \"${SCRIPT_OUTPUT_FILE_0}\"\n";
			showEnvVarsInLog = 0;
		};
		8819F43FBB60DF50C17B9730 /* [CP] Copy Pods Resources */ = {
			isa = PBXShellScriptBuildPhase;
			buildActionMask = 2147483647;
			files = (
			);
			inputPaths = (
			);
			name = "[CP] Copy Pods Resources";
			outputPaths = (
			);
			runOnlyForDeploymentPostprocessing = 0;
			shellPath = /bin/sh;
			shellScript = "\"${SRCROOT}/Pods/Target Support Files/Pods-ios-objc-foundation-nmxcore Swift Example/Pods-ios-objc-foundation-nmxcore Swift Example-resources.sh\"\n";
			showEnvVarsInLog = 0;
		};
		DA3E9E4DA4105CEB074F8C61 /* [CP] Embed Pods Frameworks */ = {
			isa = PBXShellScriptBuildPhase;
			buildActionMask = 2147483647;
			files = (
			);
			inputPaths = (
				"${SRCROOT}/Pods/Target Support Files/Pods-ios-objc-foundation-nmxcore Swift Example/Pods-ios-objc-foundation-nmxcore Swift Example-frameworks.sh",
				"${BUILT_PRODUCTS_DIR}/NMXCore/NMXCore.framework",
			);
			name = "[CP] Embed Pods Frameworks";
			outputPaths = (
				"${TARGET_BUILD_DIR}/${FRAMEWORKS_FOLDER_PATH}/NMXCore.framework",
			);
			runOnlyForDeploymentPostprocessing = 0;
			shellPath = /bin/sh;
			shellScript = "\"${SRCROOT}/Pods/Target Support Files/Pods-ios-objc-foundation-nmxcore Swift Example/Pods-ios-objc-foundation-nmxcore Swift Example-frameworks.sh\"\n";
			showEnvVarsInLog = 0;
		};
/* End PBXShellScriptBuildPhase section */

/* Begin PBXSourcesBuildPhase section */
		219D2B551F950C3700B6B16A /* Sources */ = {
			isa = PBXSourcesBuildPhase;
			buildActionMask = 2147483647;
			files = (
				219D2B5F1F950C3700B6B16A /* ViewController.swift in Sources */,
				219D2B5D1F950C3700B6B16A /* AppDelegate.swift in Sources */,
				21C0DC801F9642DD002E8871 /* NMXCore.swift in Sources */,
			);
			runOnlyForDeploymentPostprocessing = 0;
		};
/* End PBXSourcesBuildPhase section */

/* Begin PBXVariantGroup section */
		219D2B601F950C3700B6B16A /* Main.storyboard */ = {
			isa = PBXVariantGroup;
			children = (
				219D2B611F950C3700B6B16A /* Base */,
			);
			name = Main.storyboard;
			sourceTree = "<group>";
		};
		219D2B651F950C3700B6B16A /* LaunchScreen.storyboard */ = {
			isa = PBXVariantGroup;
			children = (
				219D2B661F950C3700B6B16A /* Base */,
			);
			name = LaunchScreen.storyboard;
			sourceTree = "<group>";
		};
/* End PBXVariantGroup section */

/* Begin XCBuildConfiguration section */
		219D2B741F950C3700B6B16A /* Debug */ = {
			isa = XCBuildConfiguration;
			buildSettings = {
				ALWAYS_SEARCH_USER_PATHS = NO;
				CLANG_ANALYZER_NONNULL = YES;
				CLANG_ANALYZER_NUMBER_OBJECT_CONVERSION = YES_AGGRESSIVE;
				CLANG_CXX_LANGUAGE_STANDARD = "gnu++14";
				CLANG_CXX_LIBRARY = "libc++";
				CLANG_ENABLE_MODULES = YES;
				CLANG_ENABLE_OBJC_ARC = YES;
				CLANG_WARN_BLOCK_CAPTURE_AUTORELEASING = YES;
				CLANG_WARN_BOOL_CONVERSION = YES;
				CLANG_WARN_COMMA = YES;
				CLANG_WARN_CONSTANT_CONVERSION = YES;
				CLANG_WARN_DIRECT_OBJC_ISA_USAGE = YES_ERROR;
				CLANG_WARN_DOCUMENTATION_COMMENTS = YES;
				CLANG_WARN_EMPTY_BODY = YES;
				CLANG_WARN_ENUM_CONVERSION = YES;
				CLANG_WARN_INFINITE_RECURSION = YES;
				CLANG_WARN_INT_CONVERSION = YES;
				CLANG_WARN_NON_LITERAL_NULL_CONVERSION = YES;
				CLANG_WARN_OBJC_LITERAL_CONVERSION = YES;
				CLANG_WARN_OBJC_ROOT_CLASS = YES_ERROR;
				CLANG_WARN_RANGE_LOOP_ANALYSIS = YES;
				CLANG_WARN_STRICT_PROTOTYPES = YES;
				CLANG_WARN_SUSPICIOUS_MOVE = YES;
				CLANG_WARN_UNGUARDED_AVAILABILITY = YES_AGGRESSIVE;
				CLANG_WARN_UNREACHABLE_CODE = YES;
				CLANG_WARN__DUPLICATE_METHOD_MATCH = YES;
				CODE_SIGN_IDENTITY = "iPhone Developer";
				COPY_PHASE_STRIP = NO;
				DEBUG_INFORMATION_FORMAT = dwarf;
				ENABLE_STRICT_OBJC_MSGSEND = YES;
				ENABLE_TESTABILITY = YES;
				GCC_C_LANGUAGE_STANDARD = gnu11;
				GCC_DYNAMIC_NO_PIC = NO;
				GCC_NO_COMMON_BLOCKS = YES;
				GCC_OPTIMIZATION_LEVEL = 0;
				GCC_PREPROCESSOR_DEFINITIONS = (
					"DEBUG=1",
					"$(inherited)",
				);
				GCC_WARN_64_TO_32_BIT_CONVERSION = YES;
				GCC_WARN_ABOUT_RETURN_TYPE = YES_ERROR;
				GCC_WARN_UNDECLARED_SELECTOR = YES;
				GCC_WARN_UNINITIALIZED_AUTOS = YES_AGGRESSIVE;
				GCC_WARN_UNUSED_FUNCTION = YES;
				GCC_WARN_UNUSED_VARIABLE = YES;
				IPHONEOS_DEPLOYMENT_TARGET = 11.0;
				MTL_ENABLE_DEBUG_INFO = YES;
				ONLY_ACTIVE_ARCH = YES;
				SDKROOT = iphoneos;
				SWIFT_ACTIVE_COMPILATION_CONDITIONS = DEBUG;
				SWIFT_OPTIMIZATION_LEVEL = "-Onone";
			};
			name = Debug;
		};
		219D2B751F950C3700B6B16A /* Release */ = {
			isa = XCBuildConfiguration;
			buildSettings = {
				ALWAYS_SEARCH_USER_PATHS = NO;
				CLANG_ANALYZER_NONNULL = YES;
				CLANG_ANALYZER_NUMBER_OBJECT_CONVERSION = YES_AGGRESSIVE;
				CLANG_CXX_LANGUAGE_STANDARD = "gnu++14";
				CLANG_CXX_LIBRARY = "libc++";
				CLANG_ENABLE_MODULES = YES;
				CLANG_ENABLE_OBJC_ARC = YES;
				CLANG_WARN_BLOCK_CAPTURE_AUTORELEASING = YES;
				CLANG_WARN_BOOL_CONVERSION = YES;
				CLANG_WARN_COMMA = YES;
				CLANG_WARN_CONSTANT_CONVERSION = YES;
				CLANG_WARN_DIRECT_OBJC_ISA_USAGE = YES_ERROR;
				CLANG_WARN_DOCUMENTATION_COMMENTS = YES;
				CLANG_WARN_EMPTY_BODY = YES;
				CLANG_WARN_ENUM_CONVERSION = YES;
				CLANG_WARN_INFINITE_RECURSION = YES;
				CLANG_WARN_INT_CONVERSION = YES;
				CLANG_WARN_NON_LITERAL_NULL_CONVERSION = YES;
				CLANG_WARN_OBJC_LITERAL_CONVERSION = YES;
				CLANG_WARN_OBJC_ROOT_CLASS = YES_ERROR;
				CLANG_WARN_RANGE_LOOP_ANALYSIS = YES;
				CLANG_WARN_STRICT_PROTOTYPES = YES;
				CLANG_WARN_SUSPICIOUS_MOVE = YES;
				CLANG_WARN_UNGUARDED_AVAILABILITY = YES_AGGRESSIVE;
				CLANG_WARN_UNREACHABLE_CODE = YES;
				CLANG_WARN__DUPLICATE_METHOD_MATCH = YES;
				CODE_SIGN_IDENTITY = "iPhone Developer";
				COPY_PHASE_STRIP = NO;
				DEBUG_INFORMATION_FORMAT = "dwarf-with-dsym";
				ENABLE_NS_ASSERTIONS = NO;
				ENABLE_STRICT_OBJC_MSGSEND = YES;
				GCC_C_LANGUAGE_STANDARD = gnu11;
				GCC_NO_COMMON_BLOCKS = YES;
				GCC_WARN_64_TO_32_BIT_CONVERSION = YES;
				GCC_WARN_ABOUT_RETURN_TYPE = YES_ERROR;
				GCC_WARN_UNDECLARED_SELECTOR = YES;
				GCC_WARN_UNINITIALIZED_AUTOS = YES_AGGRESSIVE;
				GCC_WARN_UNUSED_FUNCTION = YES;
				GCC_WARN_UNUSED_VARIABLE = YES;
				IPHONEOS_DEPLOYMENT_TARGET = 11.0;
				MTL_ENABLE_DEBUG_INFO = NO;
				SDKROOT = iphoneos;
				SWIFT_OPTIMIZATION_LEVEL = "-Owholemodule";
				VALIDATE_PRODUCT = YES;
			};
			name = Release;
		};
		219D2B771F950C3700B6B16A /* Debug */ = {
			isa = XCBuildConfiguration;
			baseConfigurationReference = 4767C4F633C18982DE23C9F2 /* Pods-ios-objc-foundation-nmxcore Swift Example.debug.xcconfig */;
			buildSettings = {
				ASSETCATALOG_COMPILER_APPICON_NAME = AppIcon;
				CODE_SIGN_STYLE = Automatic;
				DEVELOPMENT_TEAM = B2L5F7GSL7;
				INFOPLIST_FILE = "ios-objc-foundation-nmxcore Swift Example/Info.plist";
				LD_RUNPATH_SEARCH_PATHS = "$(inherited) @executable_path/Frameworks";
				PRODUCT_BUNDLE_IDENTIFIER = "com.namics.example.ios-objc-foundation-nmxcore-Swift-Example";
				PRODUCT_NAME = "$(TARGET_NAME)";
				SWIFT_VERSION = 4.0;
				TARGETED_DEVICE_FAMILY = "1,2";
			};
			name = Debug;
		};
		219D2B781F950C3700B6B16A /* Release */ = {
			isa = XCBuildConfiguration;
			baseConfigurationReference = ECA07C8BBCDB1B176A3944D7 /* Pods-ios-objc-foundation-nmxcore Swift Example.release.xcconfig */;
			buildSettings = {
				ASSETCATALOG_COMPILER_APPICON_NAME = AppIcon;
				CODE_SIGN_STYLE = Automatic;
				DEVELOPMENT_TEAM = B2L5F7GSL7;
				INFOPLIST_FILE = "ios-objc-foundation-nmxcore Swift Example/Info.plist";
				LD_RUNPATH_SEARCH_PATHS = "$(inherited) @executable_path/Frameworks";
				PRODUCT_BUNDLE_IDENTIFIER = "com.namics.example.ios-objc-foundation-nmxcore-Swift-Example";
				PRODUCT_NAME = "$(TARGET_NAME)";
				SWIFT_VERSION = 4.0;
				TARGETED_DEVICE_FAMILY = "1,2";
			};
			name = Release;
		};
/* End XCBuildConfiguration section */

/* Begin XCConfigurationList section */
		219D2B541F950C3700B6B16A /* Build configuration list for PBXProject "ios-objc-foundation-nmxcore Swift Example" */ = {
			isa = XCConfigurationList;
			buildConfigurations = (
				219D2B741F950C3700B6B16A /* Debug */,
				219D2B751F950C3700B6B16A /* Release */,
			);
			defaultConfigurationIsVisible = 0;
			defaultConfigurationName = Release;
		};
		219D2B761F950C3700B6B16A /* Build configuration list for PBXNativeTarget "ios-objc-foundation-nmxcore Swift Example" */ = {
			isa = XCConfigurationList;
			buildConfigurations = (
				219D2B771F950C3700B6B16A /* Debug */,
				219D2B781F950C3700B6B16A /* Release */,
			);
			defaultConfigurationIsVisible = 0;
			defaultConfigurationName = Release;
		};
/* End XCConfigurationList section */
	};
	rootObject = 219D2B511F950C3700B6B16A /* Project object */;
}
